PODS:
  - AFNetworking (3.2.1):
    - AFNetworking/NSURLSession (= 3.2.1)
    - AFNetworking/Reachability (= 3.2.1)
    - AFNetworking/Security (= 3.2.1)
    - AFNetworking/Serialization (= 3.2.1)
    - AFNetworking/UIKit (= 3.2.1)
  - AFNetworking/NSURLSession (3.2.1):
    - AFNetworking/Reachability
    - AFNetworking/Security
    - AFNetworking/Serialization
  - AFNetworking/Reachability (3.2.1)
  - AFNetworking/Security (3.2.1)
  - AFNetworking/Serialization (3.2.1)
  - AFNetworking/UIKit (3.2.1):
    - AFNetworking/NSURLSession
  - BlocksKit (2.2.5):
    - BlocksKit/All (= 2.2.5)
  - BlocksKit/All (2.2.5):
    - BlocksKit/Core
    - BlocksKit/DynamicDelegate
    - BlocksKit/MessageUI
    - BlocksKit/UIKit
  - BlocksKit/Core (2.2.5)
  - BlocksKit/DynamicDelegate (2.2.5)
  - BlocksKit/MessageUI (2.2.5):
    - BlocksKit/Core
    - BlocksKit/DynamicDelegate
  - BlocksKit/UIKit (2.2.5):
    - BlocksKit/Core
    - BlocksKit/DynamicDelegate
  - CHTCollectionViewWaterfallLayout (0.9.6):
    - CHTCollectionViewWaterfallLayout/ObjC (= 0.9.6)
  - CHTCollectionViewWaterfallLayout/ObjC (0.9.6)
  - Colours (5.13.0):
    - Colours/ObjC (= 5.13.0)
  - Colours/ObjC (5.13.0)
  - DZNEmptyDataSet (1.8.1)
  - FBRetainCycleDetector (0.1.4)
  - FDFullscreenPopGesture (1.1)
  - FMDB (2.6.2):
    - FMDB/standard (= 2.6.2)
  - FMDB/standard (2.6.2)
  - HJCornerRadius (0.0.1)
  - HYBImageCliped (2.2.4)
  - IQKeyboardManager (6.0.3)
  - JPFPSStatus (0.1.1)
  - KVOController (1.2.0)
  - Masonry (1.0.2)
  - MBProgressHUD (1.0.0)
  - MJRefresh (3.1.12)
  - MLeaksFinder (1.0.0):
    - FBRetainCycleDetector
  - pop (1.0.10)
  - ReactiveObjC (3.1.0)
  - SDWebImage (4.4.0):
    - SDWebImage/Core (= 4.4.0)
  - SDWebImage/Core (4.4.0)
  - UICollectionViewLeftAlignedLayout (1.0.2)
  - "UIImage+ImageWithColor (1.4.0)"
  - "UITableView+FDTemplateLayoutCell (1.6)"
  - YYCache (1.0.4)
  - YYCategories (1.0.4):
    - YYCategories/no-arc (= 1.0.4)
  - YYCategories/no-arc (1.0.4)
  - YYImage (1.0.4):
    - YYImage/Core (= 1.0.4)
  - YYImage/Core (1.0.4)
  - YYImage/WebP (1.0.4):
    - YYImage/Core
  - YYModel (1.0.4)
  - YYText (1.0.7)
  - YYWebImage (1.0.5):
    - YYCache
    - YYImage
  - YZDisplayViewController (1.0.6)
  - ZYCornerRadius (1.0.2)

DEPENDENCIES:
  - AFNetworking (= 3.2.1)
  - BlocksKit (= 2.2.5)
  - CHTCollectionViewWaterfallLayout (= 0.9.6)
  - Colours (= 5.13.0)
  - DZNEmptyDataSet (= 1.8.1)
  - FDFullscreenPopGesture (= 1.1)
  - FMDB (= 2.6.2)
  - HJCornerRadius (from `https://github.com/panghaijiao/HJCornerRadius.git`)
  - HYBImageCliped (= 2.2.4)
  - IQKeyboardManager (= 6.0.3)
  - JPFPSStatus (= 0.1.1)
  - KVOController (= 1.2.0)
  - Masonry (= 1.0.2)
  - MBProgressHUD (= 1.0.0)
  - MJRefresh (= 3.1.12)
  - MLeaksFinder (~> 1.0.0)
  - pop (= 1.0.10)
  - ReactiveObjC (= 3.1.0)
  - SDWebImage (= 4.4.0)
  - UICollectionViewLeftAlignedLayout (= 1.0.2)
  - "UIImage+ImageWithColor (= 1.4.0)"
  - "UITableView+FDTemplateLayoutCell (= 1.6)"
  - YYCache (= 1.0.4)
  - YYCategories (= 1.0.4)
  - YYImage (= 1.0.4)
  - YYImage/WebP
  - YYModel (= 1.0.4)
  - YYText (= 1.0.7)
  - YYWebImage (= 1.0.5)
  - YZDisplayViewController (~> 1.0.6)
  - ZYCornerRadius (= 1.0.2)

SPEC REPOS:
  https://github.com/CocoaPods/Specs.git:
    - AFNetworking
    - BlocksKit
    - CHTCollectionViewWaterfallLayout
    - Colours
    - DZNEmptyDataSet
    - FBRetainCycleDetector
    - FDFullscreenPopGesture
    - FMDB
    - HYBImageCliped
    - IQKeyboardManager
    - JPFPSStatus
    - KVOController
    - Masonry
    - MBProgressHUD
    - MJRefresh
    - MLeaksFinder
    - pop
    - ReactiveObjC
    - SDWebImage
    - UICollectionViewLeftAlignedLayout
    - "UIImage+ImageWithColor"
    - "UITableView+FDTemplateLayoutCell"
    - YYCache
    - YYCategories
    - YYImage
    - YYModel
    - YYText
    - YYWebImage
    - YZDisplayViewController
    - ZYCornerRadius

EXTERNAL SOURCES:
  HJCornerRadius:
    :git: https://github.com/panghaijiao/HJCornerRadius.git

CHECKOUT OPTIONS:
  HJCornerRadius:
    :commit: 50e1c7463849862ef60ee3d711f433f9b25a45fb
    :git: https://github.com/panghaijiao/HJCornerRadius.git

SPEC CHECKSUMS:
  AFNetworking: b6f891fdfaed196b46c7a83cf209e09697b94057
  BlocksKit: 7f422b971407001178d181a43b99014ea2591fe6
  CHTCollectionViewWaterfallLayout: f4dab06db57b36dcf29e802594175acc76c56615
  Colours: f24220c38f13deac88612667e9b4a7fb96b871d4
  DZNEmptyDataSet: 9525833b9e68ac21c30253e1d3d7076cc828eaa7
  FBRetainCycleDetector: 46f8179bbb1c587deee3ea838a1a3ee02acf5015
  FDFullscreenPopGesture: a8a620179e3d9c40e8e00256dcee1c1a27c6d0f0
  FMDB: 854a0341b4726e53276f2a8996f06f1b80f9259a
  HJCornerRadius: 0af191386b5f2e9c4465739b5db22c0acc52923b
  HYBImageCliped: 22d14431324bc9d056353d6f1490a3bd03fc7dff
  IQKeyboardManager: c390e612f4b98c8fd748016470138537dc163ead
  JPFPSStatus: 03f32aa3d4d7d0c5bf56f6f3e7cf8b7280a5f52c
  KVOController: d72ace34afea42468329623b3379ab3cd1d286b6
  Masonry: 7c429b56da9d4ee0bbb3ed77a5ea710d6a5df39e
  MBProgressHUD: 4890f671c94e8a0f3cf959aa731e9de2f036d71a
  MJRefresh: b96cdb21c4aa75a7b07654311ab2f315c497e806
  MLeaksFinder: 8c435bd2f6d070af18cff082b503b21adc130fc0
  pop: 82ca6b068ce9278fd350fd9dd09482a0ce9492e6
  ReactiveObjC: 2a38ea15335de4119d8b17caf1db1484f61db902
  SDWebImage: b534502786e43dde36dfcaee89356fe6df30e203
  UICollectionViewLeftAlignedLayout: 830bf6fa5bab9f9b464f62e3384f9d2e00b3c0f6
  "UIImage+ImageWithColor": 891401f732f2f332fefe68c2332c6c955c2a879c
  "UITableView+FDTemplateLayoutCell": 5c949b4a5059c404b442926c0e80f81d10a2d66f
  YYCache: 8105b6638f5e849296c71f331ff83891a4942952
  YYCategories: 6bcd4314c6661a561410dce4a793379ebd306abd
  YYImage: 1e1b62a9997399593e4b9c4ecfbbabbf1d3f3b54
  YYModel: 2a7fdd96aaa4b86a824e26d0c517de8928c04b30
  YYText: 5c461d709e24d55a182d1441c41dc639a18a4849
  YYWebImage: 5f7f36aee2ae293f016d418c7d6ba05c4863e928
  YZDisplayViewController: 621f737a9aa3dfbc95a901e89e5e7c4b2ea6ef79
  ZYCornerRadius: f0af817be7805b5c63d793042ca7a03f81e14069

PODFILE CHECKSUM: db7ab94e22e2a269c6f8f3edaa48d0e777374f73

COCOAPODS: 1.5.0
