// !$*UTF8*$!
{
	archiveVersion = 1;
	classes = {
	};
	objectVersion = 46;
	objects = {

/* Begin PBXBuildFile section */
		3D3D48382E147C90FD55FE03 /* Pods_MHDevelopExample.framework in Frameworks */ = {isa = PBXBuildFile; fileRef = 94A0424108EDF4DD00FF9B94 /* Pods_MHDevelopExample.framework */; };
		6208770C1E5483DD00183F81 /* MHYouKuBottomToolBar.m in Sources */ = {isa = PBXBuildFile; fileRef = 6208770B1E5483DD00183F81 /* MHYouKuBottomToolBar.m */; };
		6208770F1E549FE900183F81 /* MHYouKuVerticalSeparateButton.m in Sources */ = {isa = PBXBuildFile; fileRef = 6208770E1E549FE900183F81 /* MHYouKuVerticalSeparateButton.m */; };
		620877121E54B0B900183F81 /* MHYouKuCommentButton.m in Sources */ = {isa = PBXBuildFile; fileRef = 620877111E54B0B900183F81 /* MHYouKuCommentButton.m */; };
		620877151E54B33C00183F81 /* MHAccount.m in Sources */ = {isa = PBXBuildFile; fileRef = 620877141E54B33C00183F81 /* MHAccount.m */; };
		620B4BFF1E4A1F6200266A72 /* MHDisplayController.m in Sources */ = {isa = PBXBuildFile; fileRef = 620B4BFE1E4A1F6200266A72 /* MHDisplayController.m */; };
		620B4C031E4A2A5A00266A72 /* ViewPagerController.m in Sources */ = {isa = PBXBuildFile; fileRef = 620B4C021E4A2A5A00266A72 /* ViewPagerController.m */; };
		6223CEE01E54096700993A91 /* MHTopicManager.m in Sources */ = {isa = PBXBuildFile; fileRef = 6223CEDF1E54096700993A91 /* MHTopicManager.m */; };
		6223CEE81E5423B300993A91 /* MHCommentReply.m in Sources */ = {isa = PBXBuildFile; fileRef = 6223CEE71E5423B300993A91 /* MHCommentReply.m */; };
		6226372D1E4AAB50007F9360 /* MHTopic.m in Sources */ = {isa = PBXBuildFile; fileRef = 6226372C1E4AAB50007F9360 /* MHTopic.m */; };
		622637301E4AABF8007F9360 /* MHUser.m in Sources */ = {isa = PBXBuildFile; fileRef = 6226372F1E4AABF8007F9360 /* MHUser.m */; };
		622637331E4AAC10007F9360 /* MHComment.m in Sources */ = {isa = PBXBuildFile; fileRef = 622637321E4AAC10007F9360 /* MHComment.m */; };
		622637361E4AAD85007F9360 /* MHTopicFrame.m in Sources */ = {isa = PBXBuildFile; fileRef = 622637351E4AAD85007F9360 /* MHTopicFrame.m */; };
		622637391E4AAD96007F9360 /* MHCommentFrame.m in Sources */ = {isa = PBXBuildFile; fileRef = 622637381E4AAD96007F9360 /* MHCommentFrame.m */; };
		6226373C1E4AB8D4007F9360 /* MHTopicOneController.m in Sources */ = {isa = PBXBuildFile; fileRef = 6226373B1E4AB8D4007F9360 /* MHTopicOneController.m */; };
		6226374C1E4AC61D007F9360 /* MHCommentCell.m in Sources */ = {isa = PBXBuildFile; fileRef = 622637471E4AC61D007F9360 /* MHCommentCell.m */; };
		6226374D1E4AC61D007F9360 /* MHTopicFooterView.m in Sources */ = {isa = PBXBuildFile; fileRef = 622637491E4AC61D007F9360 /* MHTopicFooterView.m */; };
		6226374E1E4AC61D007F9360 /* MHTopicHeaderView.m in Sources */ = {isa = PBXBuildFile; fileRef = 6226374B1E4AC61D007F9360 /* MHTopicHeaderView.m */; };
		622637511E4AEAD1007F9360 /* MHImageView.m in Sources */ = {isa = PBXBuildFile; fileRef = 622637501E4AEAD1007F9360 /* MHImageView.m */; };
		622637541E4AED10007F9360 /* MHDivider.m in Sources */ = {isa = PBXBuildFile; fileRef = 622637531E4AED10007F9360 /* MHDivider.m */; };
		622637581E4AF259007F9360 /* UIFont+MHExtension.m in Sources */ = {isa = PBXBuildFile; fileRef = 622637571E4AF259007F9360 /* UIFont+MHExtension.m */; };
		6226375D1E4AF925007F9360 /* NSString+MHSize.m in Sources */ = {isa = PBXBuildFile; fileRef = 6226375C1E4AF925007F9360 /* NSString+MHSize.m */; };
		622637611E4B0325007F9360 /* MHWebImageTool.m in Sources */ = {isa = PBXBuildFile; fileRef = 622637601E4B0325007F9360 /* MHWebImageTool.m */; };
		622637651E4B08E1007F9360 /* NSObject+MHRandom.m in Sources */ = {isa = PBXBuildFile; fileRef = 622637641E4B08E1007F9360 /* NSObject+MHRandom.m */; };
		6229906F1E4D4CC500E0890E /* MHDeleteController.m in Sources */ = {isa = PBXBuildFile; fileRef = 6229906E1E4D4CC500E0890E /* MHDeleteController.m */; };
		622990761E4D4D5100E0890E /* MHSelectsController.m in Sources */ = {isa = PBXBuildFile; fileRef = 622990751E4D4D5100E0890E /* MHSelectsController.m */; };
		622990791E4D4DAF00E0890E /* MHOperationCell.m in Sources */ = {isa = PBXBuildFile; fileRef = 622990781E4D4DAF00E0890E /* MHOperationCell.m */; };
		6229907C1E4D503800E0890E /* MHTitleRightButton.m in Sources */ = {isa = PBXBuildFile; fileRef = 6229907B1E4D503800E0890E /* MHTitleRightButton.m */; };
		6229907F1E4D504800E0890E /* MHTitleLeftButton.m in Sources */ = {isa = PBXBuildFile; fileRef = 6229907E1E4D504800E0890E /* MHTitleLeftButton.m */; };
		622990821E4DAEBF00E0890E /* MHButton.m in Sources */ = {isa = PBXBuildFile; fileRef = 622990811E4DAEBF00E0890E /* MHButton.m */; };
		622990851E4E2D4500E0890E /* MHOperationController.m in Sources */ = {isa = PBXBuildFile; fileRef = 622990841E4E2D4500E0890E /* MHOperationController.m */; };
		622BF5DB1E569130004DFCA2 /* MHYouKuMedia.m in Sources */ = {isa = PBXBuildFile; fileRef = 622BF5DA1E569130004DFCA2 /* MHYouKuMedia.m */; };
		622BF5DE1E569E47004DFCA2 /* MHYouKuMediaSummary.m in Sources */ = {isa = PBXBuildFile; fileRef = 622BF5DD1E569E47004DFCA2 /* MHYouKuMediaSummary.m */; };
		622BF5E11E569EC3004DFCA2 /* MHYouKuMediaDetail.m in Sources */ = {isa = PBXBuildFile; fileRef = 622BF5E01E569EC3004DFCA2 /* MHYouKuMediaDetail.m */; };
		622BF5E41E56D579004DFCA2 /* MHYouKuItem.m in Sources */ = {isa = PBXBuildFile; fileRef = 622BF5E31E56D579004DFCA2 /* MHYouKuItem.m */; };
		622BF5E71E56D59F004DFCA2 /* MHYouKuCommentItem.m in Sources */ = {isa = PBXBuildFile; fileRef = 622BF5E61E56D59F004DFCA2 /* MHYouKuCommentItem.m */; };
		622BF5EA1E56E6A4004DFCA2 /* MHYouKuAnthologyHeaderView.m in Sources */ = {isa = PBXBuildFile; fileRef = 622BF5E91E56E6A4004DFCA2 /* MHYouKuAnthologyHeaderView.m */; };
		622BF5F01E56E88A004DFCA2 /* MHYouKuAnthologyItem.m in Sources */ = {isa = PBXBuildFile; fileRef = 622BF5EF1E56E88A004DFCA2 /* MHYouKuAnthologyItem.m */; };
		622BF5F31E56F45D004DFCA2 /* MHYouKuCommentHeaderView.m in Sources */ = {isa = PBXBuildFile; fileRef = 622BF5F21E56F45D004DFCA2 /* MHYouKuCommentHeaderView.m */; };
		622E33461E553800001FB056 /* UIImage+MHBlur.m in Sources */ = {isa = PBXBuildFile; fileRef = 622E333B1E553800001FB056 /* UIImage+MHBlur.m */; };
		622E33471E553800001FB056 /* UIImage+MHCrop.m in Sources */ = {isa = PBXBuildFile; fileRef = 622E333D1E553800001FB056 /* UIImage+MHCrop.m */; };
		622E33481E553800001FB056 /* UIImage+MHExtension.m in Sources */ = {isa = PBXBuildFile; fileRef = 622E333F1E553800001FB056 /* UIImage+MHExtension.m */; };
		622E33491E553800001FB056 /* UIImage+MHFile.m in Sources */ = {isa = PBXBuildFile; fileRef = 622E33411E553800001FB056 /* UIImage+MHFile.m */; };
		622E334A1E553800001FB056 /* UIImage+MHOrientation.m in Sources */ = {isa = PBXBuildFile; fileRef = 622E33431E553800001FB056 /* UIImage+MHOrientation.m */; };
		622E334B1E553800001FB056 /* UIImage+MHSnap.m in Sources */ = {isa = PBXBuildFile; fileRef = 622E33451E553800001FB056 /* UIImage+MHSnap.m */; };
		622E33541E554603001FB056 /* MHYouKuCommentToolBar.m in Sources */ = {isa = PBXBuildFile; fileRef = 622E33531E554603001FB056 /* MHYouKuCommentToolBar.m */; };
		622E335A1E554AC8001FB056 /* UIViewController+MHDismissKeyboard.m in Sources */ = {isa = PBXBuildFile; fileRef = 622E33571E554AC8001FB056 /* UIViewController+MHDismissKeyboard.m */; };
		622E335B1E554AC8001FB056 /* UIViewController+MHHUD.m in Sources */ = {isa = PBXBuildFile; fileRef = 622E33591E554AC8001FB056 /* UIViewController+MHHUD.m */; };
		622E33711E5591F6001FB056 /* MHYouKuCommentController.m in Sources */ = {isa = PBXBuildFile; fileRef = 622E33621E5591F5001FB056 /* MHYouKuCommentController.m */; };
		622E33721E5591F6001FB056 /* MHYouKuTopicDetailController.m in Sources */ = {isa = PBXBuildFile; fileRef = 622E336A1E5591F6001FB056 /* MHYouKuTopicDetailController.m */; };
		622E33731E5591F6001FB056 /* MHYouKuTopicController.m in Sources */ = {isa = PBXBuildFile; fileRef = 622E336E1E5591F6001FB056 /* MHYouKuTopicController.m */; };
		622E33761E5595B5001FB056 /* MHYouKuInputPanelView.m in Sources */ = {isa = PBXBuildFile; fileRef = 622E33751E5595B5001FB056 /* MHYouKuInputPanelView.m */; };
		622E337B1E559701001FB056 /* MBProgressHUD+MH.m in Sources */ = {isa = PBXBuildFile; fileRef = 622E33791E559701001FB056 /* MBProgressHUD+MH.m */; };
		622E337C1E559701001FB056 /* MBProgressHUD.bundle in Resources */ = {isa = PBXBuildFile; fileRef = 622E337A1E559701001FB056 /* MBProgressHUD.bundle */; };
		623D2A851E5298B30038BB9B /* MHYouKuController.m in Sources */ = {isa = PBXBuildFile; fileRef = 623D2A841E5298B30038BB9B /* MHYouKuController.m */; };
		625B739D1E4C4AB7006A8E86 /* MHUserInfoController.m in Sources */ = {isa = PBXBuildFile; fileRef = 625B739C1E4C4AB7006A8E86 /* MHUserInfoController.m */; };
		625B73B51E4C4BA6006A8E86 /* MHTopicTwoController.m in Sources */ = {isa = PBXBuildFile; fileRef = 625B73AE1E4C4BA6006A8E86 /* MHTopicTwoController.m */; };
		625B73B61E4C4BA6006A8E86 /* MHTopicCell.m in Sources */ = {isa = PBXBuildFile; fileRef = 625B73B21E4C4BA6006A8E86 /* MHTopicCell.m */; };
		625B73B71E4C4BA6006A8E86 /* MHTopicCommentCell.m in Sources */ = {isa = PBXBuildFile; fileRef = 625B73B41E4C4BA6006A8E86 /* MHTopicCommentCell.m */; };
		625B73BD1E4C598C006A8E86 /* NSDate+Extension.m in Sources */ = {isa = PBXBuildFile; fileRef = 625B73BA1E4C598C006A8E86 /* NSDate+Extension.m */; };
		625B73BE1E4C598C006A8E86 /* NSDateFormatter+Extension.m in Sources */ = {isa = PBXBuildFile; fileRef = 625B73BC1E4C598C006A8E86 /* NSDateFormatter+Extension.m */; };
		627A95181E4968E0004A1ED2 /* main.m in Sources */ = {isa = PBXBuildFile; fileRef = 627A95171E4968E0004A1ED2 /* main.m */; };
		627A951B1E4968E0004A1ED2 /* AppDelegate.m in Sources */ = {isa = PBXBuildFile; fileRef = 627A951A1E4968E0004A1ED2 /* AppDelegate.m */; };
		627A951E1E4968E0004A1ED2 /* MHExampleController.m in Sources */ = {isa = PBXBuildFile; fileRef = 627A951D1E4968E0004A1ED2 /* MHExampleController.m */; };
		627A95211E4968E0004A1ED2 /* Main.storyboard in Resources */ = {isa = PBXBuildFile; fileRef = 627A951F1E4968E0004A1ED2 /* Main.storyboard */; };
		627A95311E4968E0004A1ED2 /* MHDevelopExampleTests.m in Sources */ = {isa = PBXBuildFile; fileRef = 627A95301E4968E0004A1ED2 /* MHDevelopExampleTests.m */; };
		627A953C1E4968E0004A1ED2 /* MHDevelopExampleUITests.m in Sources */ = {isa = PBXBuildFile; fileRef = 627A953B1E4968E0004A1ED2 /* MHDevelopExampleUITests.m */; };
		627A955A1E496CF1004A1ED2 /* MHNavigationController.m in Sources */ = {isa = PBXBuildFile; fileRef = 627A95591E496CF1004A1ED2 /* MHNavigationController.m */; };
		627A955D1E496E1B004A1ED2 /* MHExample.m in Sources */ = {isa = PBXBuildFile; fileRef = 627A955C1E496E1B004A1ED2 /* MHExample.m */; };
		627A95611E4973D2004A1ED2 /* MHConstant.m in Sources */ = {isa = PBXBuildFile; fileRef = 627A95601E4973D2004A1ED2 /* MHConstant.m */; };
		627A95631E497824004A1ED2 /* Assets.xcassets in Resources */ = {isa = PBXBuildFile; fileRef = 627A95621E497824004A1ED2 /* Assets.xcassets */; };
		627A956F1E49A615004A1ED2 /* MHViewController.m in Sources */ = {isa = PBXBuildFile; fileRef = 627A956E1E49A615004A1ED2 /* MHViewController.m */; };
		627A95721E49A694004A1ED2 /* MHBuDeJieController.m in Sources */ = {isa = PBXBuildFile; fileRef = 627A95711E49A694004A1ED2 /* MHBuDeJieController.m */; };
		627A95751E49A77E004A1ED2 /* MHNetEaseNewsController.m in Sources */ = {isa = PBXBuildFile; fileRef = 627A95741E49A77E004A1ED2 /* MHNetEaseNewsController.m */; };
		627A95791E49AD30004A1ED2 /* UIBarButtonItem+MHExtension.m in Sources */ = {isa = PBXBuildFile; fileRef = 627A95781E49AD30004A1ED2 /* UIBarButtonItem+MHExtension.m */; };
		627A957C1E49AE00004A1ED2 /* MHBackButton.m in Sources */ = {isa = PBXBuildFile; fileRef = 627A957B1E49AE00004A1ED2 /* MHBackButton.m */; };
		627A95831E49AE5B004A1ED2 /* UIView+MHExtension.m in Sources */ = {isa = PBXBuildFile; fileRef = 627A95801E49AE5B004A1ED2 /* UIView+MHExtension.m */; };
		627A95841E49AE5B004A1ED2 /* UIView+MHFrame.m in Sources */ = {isa = PBXBuildFile; fileRef = 627A95821E49AE5B004A1ED2 /* UIView+MHFrame.m */; };
		627A958E1E49B0B0004A1ED2 /* MHTopicController.m in Sources */ = {isa = PBXBuildFile; fileRef = 627A958D1E49B0B0004A1ED2 /* MHTopicController.m */; };
		627A95911E49C91B004A1ED2 /* MHTopicLabel.m in Sources */ = {isa = PBXBuildFile; fileRef = 627A95901E49C91B004A1ED2 /* MHTopicLabel.m */; };
/* End PBXBuildFile section */

/* Begin PBXContainerItemProxy section */
		627A952D1E4968E0004A1ED2 /* PBXContainerItemProxy */ = {
			isa = PBXContainerItemProxy;
			containerPortal = 627A950B1E4968E0004A1ED2 /* Project object */;
			proxyType = 1;
			remoteGlobalIDString = 627A95121E4968E0004A1ED2;
			remoteInfo = MHDevelopExample;
		};
		627A95381E4968E0004A1ED2 /* PBXContainerItemProxy */ = {
			isa = PBXContainerItemProxy;
			containerPortal = 627A950B1E4968E0004A1ED2 /* Project object */;
			proxyType = 1;
			remoteGlobalIDString = 627A95121E4968E0004A1ED2;
			remoteInfo = MHDevelopExample;
		};
/* End PBXContainerItemProxy section */

/* Begin PBXFileReference section */
		6208770A1E5483DD00183F81 /* MHYouKuBottomToolBar.h */ = {isa = PBXFileReference; fileEncoding = 4; lastKnownFileType = sourcecode.c.h; path = MHYouKuBottomToolBar.h; sourceTree = "<group>"; };
		6208770B1E5483DD00183F81 /* MHYouKuBottomToolBar.m */ = {isa = PBXFileReference; fileEncoding = 4; lastKnownFileType = sourcecode.c.objc; path = MHYouKuBottomToolBar.m; sourceTree = "<group>"; };
		6208770D1E549FE900183F81 /* MHYouKuVerticalSeparateButton.h */ = {isa = PBXFileReference; fileEncoding = 4; lastKnownFileType = sourcecode.c.h; path = MHYouKuVerticalSeparateButton.h; sourceTree = "<group>"; };
		6208770E1E549FE900183F81 /* MHYouKuVerticalSeparateButton.m */ = {isa = PBXFileReference; fileEncoding = 4; lastKnownFileType = sourcecode.c.objc; path = MHYouKuVerticalSeparateButton.m; sourceTree = "<group>"; };
		620877101E54B0B900183F81 /* MHYouKuCommentButton.h */ = {isa = PBXFileReference; fileEncoding = 4; lastKnownFileType = sourcecode.c.h; path = MHYouKuCommentButton.h; sourceTree = "<group>"; };
		620877111E54B0B900183F81 /* MHYouKuCommentButton.m */ = {isa = PBXFileReference; fileEncoding = 4; lastKnownFileType = sourcecode.c.objc; path = MHYouKuCommentButton.m; sourceTree = "<group>"; };
		620877131E54B33C00183F81 /* MHAccount.h */ = {isa = PBXFileReference; fileEncoding = 4; lastKnownFileType = sourcecode.c.h; path = MHAccount.h; sourceTree = "<group>"; };
		620877141E54B33C00183F81 /* MHAccount.m */ = {isa = PBXFileReference; fileEncoding = 4; lastKnownFileType = sourcecode.c.objc; path = MHAccount.m; sourceTree = "<group>"; };
		620B4BFD1E4A1F6200266A72 /* MHDisplayController.h */ = {isa = PBXFileReference; fileEncoding = 4; lastKnownFileType = sourcecode.c.h; path = MHDisplayController.h; sourceTree = "<group>"; };
		620B4BFE1E4A1F6200266A72 /* MHDisplayController.m */ = {isa = PBXFileReference; fileEncoding = 4; lastKnownFileType = sourcecode.c.objc; path = MHDisplayController.m; sourceTree = "<group>"; };
		620B4C011E4A2A5A00266A72 /* ViewPagerController.h */ = {isa = PBXFileReference; fileEncoding = 4; lastKnownFileType = sourcecode.c.h; path = ViewPagerController.h; sourceTree = "<group>"; };
		620B4C021E4A2A5A00266A72 /* ViewPagerController.m */ = {isa = PBXFileReference; fileEncoding = 4; lastKnownFileType = sourcecode.c.objc; path = ViewPagerController.m; sourceTree = "<group>"; };
		6223CEDE1E54096700993A91 /* MHTopicManager.h */ = {isa = PBXFileReference; fileEncoding = 4; lastKnownFileType = sourcecode.c.h; path = MHTopicManager.h; sourceTree = "<group>"; };
		6223CEDF1E54096700993A91 /* MHTopicManager.m */ = {isa = PBXFileReference; fileEncoding = 4; lastKnownFileType = sourcecode.c.objc; path = MHTopicManager.m; sourceTree = "<group>"; };
		6223CEE21E5409A900993A91 /* MHSingleton.h */ = {isa = PBXFileReference; fileEncoding = 4; lastKnownFileType = sourcecode.c.h; path = MHSingleton.h; sourceTree = "<group>"; };
		6223CEE61E5423B300993A91 /* MHCommentReply.h */ = {isa = PBXFileReference; fileEncoding = 4; lastKnownFileType = sourcecode.c.h; path = MHCommentReply.h; sourceTree = "<group>"; };
		6223CEE71E5423B300993A91 /* MHCommentReply.m */ = {isa = PBXFileReference; fileEncoding = 4; lastKnownFileType = sourcecode.c.objc; path = MHCommentReply.m; sourceTree = "<group>"; };
		6226372B1E4AAB50007F9360 /* MHTopic.h */ = {isa = PBXFileReference; fileEncoding = 4; lastKnownFileType = sourcecode.c.h; path = MHTopic.h; sourceTree = "<group>"; };
		6226372C1E4AAB50007F9360 /* MHTopic.m */ = {isa = PBXFileReference; fileEncoding = 4; lastKnownFileType = sourcecode.c.objc; path = MHTopic.m; sourceTree = "<group>"; };
		6226372E1E4AABF8007F9360 /* MHUser.h */ = {isa = PBXFileReference; fileEncoding = 4; lastKnownFileType = sourcecode.c.h; path = MHUser.h; sourceTree = "<group>"; };
		6226372F1E4AABF8007F9360 /* MHUser.m */ = {isa = PBXFileReference; fileEncoding = 4; lastKnownFileType = sourcecode.c.objc; path = MHUser.m; sourceTree = "<group>"; };
		622637311E4AAC10007F9360 /* MHComment.h */ = {isa = PBXFileReference; fileEncoding = 4; lastKnownFileType = sourcecode.c.h; path = MHComment.h; sourceTree = "<group>"; };
		622637321E4AAC10007F9360 /* MHComment.m */ = {isa = PBXFileReference; fileEncoding = 4; lastKnownFileType = sourcecode.c.objc; path = MHComment.m; sourceTree = "<group>"; };
		622637341E4AAD85007F9360 /* MHTopicFrame.h */ = {isa = PBXFileReference; fileEncoding = 4; lastKnownFileType = sourcecode.c.h; path = MHTopicFrame.h; sourceTree = "<group>"; };
		622637351E4AAD85007F9360 /* MHTopicFrame.m */ = {isa = PBXFileReference; fileEncoding = 4; lastKnownFileType = sourcecode.c.objc; path = MHTopicFrame.m; sourceTree = "<group>"; };
		622637371E4AAD96007F9360 /* MHCommentFrame.h */ = {isa = PBXFileReference; fileEncoding = 4; lastKnownFileType = sourcecode.c.h; path = MHCommentFrame.h; sourceTree = "<group>"; };
		622637381E4AAD96007F9360 /* MHCommentFrame.m */ = {isa = PBXFileReference; fileEncoding = 4; lastKnownFileType = sourcecode.c.objc; path = MHCommentFrame.m; sourceTree = "<group>"; };
		6226373A1E4AB8D4007F9360 /* MHTopicOneController.h */ = {isa = PBXFileReference; fileEncoding = 4; lastKnownFileType = sourcecode.c.h; path = MHTopicOneController.h; sourceTree = "<group>"; };
		6226373B1E4AB8D4007F9360 /* MHTopicOneController.m */ = {isa = PBXFileReference; fileEncoding = 4; lastKnownFileType = sourcecode.c.objc; path = MHTopicOneController.m; sourceTree = "<group>"; };
		622637461E4AC61D007F9360 /* MHCommentCell.h */ = {isa = PBXFileReference; fileEncoding = 4; lastKnownFileType = sourcecode.c.h; path = MHCommentCell.h; sourceTree = "<group>"; };
		622637471E4AC61D007F9360 /* MHCommentCell.m */ = {isa = PBXFileReference; fileEncoding = 4; lastKnownFileType = sourcecode.c.objc; path = MHCommentCell.m; sourceTree = "<group>"; };
		622637481E4AC61D007F9360 /* MHTopicFooterView.h */ = {isa = PBXFileReference; fileEncoding = 4; lastKnownFileType = sourcecode.c.h; path = MHTopicFooterView.h; sourceTree = "<group>"; };
		622637491E4AC61D007F9360 /* MHTopicFooterView.m */ = {isa = PBXFileReference; fileEncoding = 4; lastKnownFileType = sourcecode.c.objc; path = MHTopicFooterView.m; sourceTree = "<group>"; };
		6226374A1E4AC61D007F9360 /* MHTopicHeaderView.h */ = {isa = PBXFileReference; fileEncoding = 4; lastKnownFileType = sourcecode.c.h; path = MHTopicHeaderView.h; sourceTree = "<group>"; };
		6226374B1E4AC61D007F9360 /* MHTopicHeaderView.m */ = {isa = PBXFileReference; fileEncoding = 4; lastKnownFileType = sourcecode.c.objc; path = MHTopicHeaderView.m; sourceTree = "<group>"; };
		6226374F1E4AEAD1007F9360 /* MHImageView.h */ = {isa = PBXFileReference; fileEncoding = 4; lastKnownFileType = sourcecode.c.h; path = MHImageView.h; sourceTree = "<group>"; };
		622637501E4AEAD1007F9360 /* MHImageView.m */ = {isa = PBXFileReference; fileEncoding = 4; lastKnownFileType = sourcecode.c.objc; path = MHImageView.m; sourceTree = "<group>"; };
		622637521E4AED10007F9360 /* MHDivider.h */ = {isa = PBXFileReference; fileEncoding = 4; lastKnownFileType = sourcecode.c.h; path = MHDivider.h; sourceTree = "<group>"; };
		622637531E4AED10007F9360 /* MHDivider.m */ = {isa = PBXFileReference; fileEncoding = 4; lastKnownFileType = sourcecode.c.objc; path = MHDivider.m; sourceTree = "<group>"; };
		622637561E4AF259007F9360 /* UIFont+MHExtension.h */ = {isa = PBXFileReference; fileEncoding = 4; lastKnownFileType = sourcecode.c.h; path = "UIFont+MHExtension.h"; sourceTree = "<group>"; };
		622637571E4AF259007F9360 /* UIFont+MHExtension.m */ = {isa = PBXFileReference; fileEncoding = 4; lastKnownFileType = sourcecode.c.objc; path = "UIFont+MHExtension.m"; sourceTree = "<group>"; };
		6226375A1E4AF925007F9360 /* NSString+MH.h */ = {isa = PBXFileReference; fileEncoding = 4; lastKnownFileType = sourcecode.c.h; path = "NSString+MH.h"; sourceTree = "<group>"; };
		6226375B1E4AF925007F9360 /* NSString+MHSize.h */ = {isa = PBXFileReference; fileEncoding = 4; lastKnownFileType = sourcecode.c.h; path = "NSString+MHSize.h"; sourceTree = "<group>"; };
		6226375C1E4AF925007F9360 /* NSString+MHSize.m */ = {isa = PBXFileReference; fileEncoding = 4; lastKnownFileType = sourcecode.c.objc; path = "NSString+MHSize.m"; sourceTree = "<group>"; };
		6226375F1E4B0325007F9360 /* MHWebImageTool.h */ = {isa = PBXFileReference; fileEncoding = 4; lastKnownFileType = sourcecode.c.h; path = MHWebImageTool.h; sourceTree = "<group>"; };
		622637601E4B0325007F9360 /* MHWebImageTool.m */ = {isa = PBXFileReference; fileEncoding = 4; lastKnownFileType = sourcecode.c.objc; path = MHWebImageTool.m; sourceTree = "<group>"; };
		622637631E4B08E1007F9360 /* NSObject+MHRandom.h */ = {isa = PBXFileReference; fileEncoding = 4; lastKnownFileType = sourcecode.c.h; path = "NSObject+MHRandom.h"; sourceTree = "<group>"; };
		622637641E4B08E1007F9360 /* NSObject+MHRandom.m */ = {isa = PBXFileReference; fileEncoding = 4; lastKnownFileType = sourcecode.c.objc; path = "NSObject+MHRandom.m"; sourceTree = "<group>"; };
		622637661E4B0994007F9360 /* NSObject+MH.h */ = {isa = PBXFileReference; lastKnownFileType = sourcecode.c.h; path = "NSObject+MH.h"; sourceTree = "<group>"; };
		6229906D1E4D4CC500E0890E /* MHDeleteController.h */ = {isa = PBXFileReference; fileEncoding = 4; lastKnownFileType = sourcecode.c.h; path = MHDeleteController.h; sourceTree = "<group>"; };
		6229906E1E4D4CC500E0890E /* MHDeleteController.m */ = {isa = PBXFileReference; fileEncoding = 4; lastKnownFileType = sourcecode.c.objc; path = MHDeleteController.m; sourceTree = "<group>"; };
		622990741E4D4D5100E0890E /* MHSelectsController.h */ = {isa = PBXFileReference; fileEncoding = 4; lastKnownFileType = sourcecode.c.h; path = MHSelectsController.h; sourceTree = "<group>"; };
		622990751E4D4D5100E0890E /* MHSelectsController.m */ = {isa = PBXFileReference; fileEncoding = 4; lastKnownFileType = sourcecode.c.objc; path = MHSelectsController.m; sourceTree = "<group>"; };
		622990771E4D4DAF00E0890E /* MHOperationCell.h */ = {isa = PBXFileReference; fileEncoding = 4; lastKnownFileType = sourcecode.c.h; path = MHOperationCell.h; sourceTree = "<group>"; };
		622990781E4D4DAF00E0890E /* MHOperationCell.m */ = {isa = PBXFileReference; fileEncoding = 4; lastKnownFileType = sourcecode.c.objc; path = MHOperationCell.m; sourceTree = "<group>"; };
		6229907A1E4D503800E0890E /* MHTitleRightButton.h */ = {isa = PBXFileReference; fileEncoding = 4; lastKnownFileType = sourcecode.c.h; path = MHTitleRightButton.h; sourceTree = "<group>"; };
		6229907B1E4D503800E0890E /* MHTitleRightButton.m */ = {isa = PBXFileReference; fileEncoding = 4; lastKnownFileType = sourcecode.c.objc; path = MHTitleRightButton.m; sourceTree = "<group>"; };
		6229907D1E4D504800E0890E /* MHTitleLeftButton.h */ = {isa = PBXFileReference; fileEncoding = 4; lastKnownFileType = sourcecode.c.h; path = MHTitleLeftButton.h; sourceTree = "<group>"; };
		6229907E1E4D504800E0890E /* MHTitleLeftButton.m */ = {isa = PBXFileReference; fileEncoding = 4; lastKnownFileType = sourcecode.c.objc; path = MHTitleLeftButton.m; sourceTree = "<group>"; };
		622990801E4DAEBF00E0890E /* MHButton.h */ = {isa = PBXFileReference; fileEncoding = 4; lastKnownFileType = sourcecode.c.h; path = MHButton.h; sourceTree = "<group>"; };
		622990811E4DAEBF00E0890E /* MHButton.m */ = {isa = PBXFileReference; fileEncoding = 4; lastKnownFileType = sourcecode.c.objc; path = MHButton.m; sourceTree = "<group>"; };
		622990831E4E2D4500E0890E /* MHOperationController.h */ = {isa = PBXFileReference; fileEncoding = 4; lastKnownFileType = sourcecode.c.h; path = MHOperationController.h; sourceTree = "<group>"; };
		622990841E4E2D4500E0890E /* MHOperationController.m */ = {isa = PBXFileReference; fileEncoding = 4; lastKnownFileType = sourcecode.c.objc; path = MHOperationController.m; sourceTree = "<group>"; };
		622BF5D91E569130004DFCA2 /* MHYouKuMedia.h */ = {isa = PBXFileReference; fileEncoding = 4; lastKnownFileType = sourcecode.c.h; path = MHYouKuMedia.h; sourceTree = "<group>"; };
		622BF5DA1E569130004DFCA2 /* MHYouKuMedia.m */ = {isa = PBXFileReference; fileEncoding = 4; lastKnownFileType = sourcecode.c.objc; path = MHYouKuMedia.m; sourceTree = "<group>"; };
		622BF5DC1E569E47004DFCA2 /* MHYouKuMediaSummary.h */ = {isa = PBXFileReference; fileEncoding = 4; lastKnownFileType = sourcecode.c.h; path = MHYouKuMediaSummary.h; sourceTree = "<group>"; };
		622BF5DD1E569E47004DFCA2 /* MHYouKuMediaSummary.m */ = {isa = PBXFileReference; fileEncoding = 4; lastKnownFileType = sourcecode.c.objc; path = MHYouKuMediaSummary.m; sourceTree = "<group>"; };
		622BF5DF1E569EC3004DFCA2 /* MHYouKuMediaDetail.h */ = {isa = PBXFileReference; fileEncoding = 4; lastKnownFileType = sourcecode.c.h; path = MHYouKuMediaDetail.h; sourceTree = "<group>"; };
		622BF5E01E569EC3004DFCA2 /* MHYouKuMediaDetail.m */ = {isa = PBXFileReference; fileEncoding = 4; lastKnownFileType = sourcecode.c.objc; path = MHYouKuMediaDetail.m; sourceTree = "<group>"; };
		622BF5E21E56D579004DFCA2 /* MHYouKuItem.h */ = {isa = PBXFileReference; fileEncoding = 4; lastKnownFileType = sourcecode.c.h; path = MHYouKuItem.h; sourceTree = "<group>"; };
		622BF5E31E56D579004DFCA2 /* MHYouKuItem.m */ = {isa = PBXFileReference; fileEncoding = 4; lastKnownFileType = sourcecode.c.objc; path = MHYouKuItem.m; sourceTree = "<group>"; };
		622BF5E51E56D59F004DFCA2 /* MHYouKuCommentItem.h */ = {isa = PBXFileReference; fileEncoding = 4; lastKnownFileType = sourcecode.c.h; path = MHYouKuCommentItem.h; sourceTree = "<group>"; };
		622BF5E61E56D59F004DFCA2 /* MHYouKuCommentItem.m */ = {isa = PBXFileReference; fileEncoding = 4; lastKnownFileType = sourcecode.c.objc; path = MHYouKuCommentItem.m; sourceTree = "<group>"; };
		622BF5E81E56E6A4004DFCA2 /* MHYouKuAnthologyHeaderView.h */ = {isa = PBXFileReference; fileEncoding = 4; lastKnownFileType = sourcecode.c.h; path = MHYouKuAnthologyHeaderView.h; sourceTree = "<group>"; };
		622BF5E91E56E6A4004DFCA2 /* MHYouKuAnthologyHeaderView.m */ = {isa = PBXFileReference; fileEncoding = 4; lastKnownFileType = sourcecode.c.objc; path = MHYouKuAnthologyHeaderView.m; sourceTree = "<group>"; };
		622BF5EE1E56E88A004DFCA2 /* MHYouKuAnthologyItem.h */ = {isa = PBXFileReference; fileEncoding = 4; lastKnownFileType = sourcecode.c.h; path = MHYouKuAnthologyItem.h; sourceTree = "<group>"; };
		622BF5EF1E56E88A004DFCA2 /* MHYouKuAnthologyItem.m */ = {isa = PBXFileReference; fileEncoding = 4; lastKnownFileType = sourcecode.c.objc; path = MHYouKuAnthologyItem.m; sourceTree = "<group>"; };
		622BF5F11E56F45D004DFCA2 /* MHYouKuCommentHeaderView.h */ = {isa = PBXFileReference; fileEncoding = 4; lastKnownFileType = sourcecode.c.h; path = MHYouKuCommentHeaderView.h; sourceTree = "<group>"; };
		622BF5F21E56F45D004DFCA2 /* MHYouKuCommentHeaderView.m */ = {isa = PBXFileReference; fileEncoding = 4; lastKnownFileType = sourcecode.c.objc; path = MHYouKuCommentHeaderView.m; sourceTree = "<group>"; };
		622E33391E553800001FB056 /* UIImage+MH.h */ = {isa = PBXFileReference; fileEncoding = 4; lastKnownFileType = sourcecode.c.h; path = "UIImage+MH.h"; sourceTree = "<group>"; };
		622E333A1E553800001FB056 /* UIImage+MHBlur.h */ = {isa = PBXFileReference; fileEncoding = 4; lastKnownFileType = sourcecode.c.h; path = "UIImage+MHBlur.h"; sourceTree = "<group>"; };
		622E333B1E553800001FB056 /* UIImage+MHBlur.m */ = {isa = PBXFileReference; fileEncoding = 4; lastKnownFileType = sourcecode.c.objc; path = "UIImage+MHBlur.m"; sourceTree = "<group>"; };
		622E333C1E553800001FB056 /* UIImage+MHCrop.h */ = {isa = PBXFileReference; fileEncoding = 4; lastKnownFileType = sourcecode.c.h; path = "UIImage+MHCrop.h"; sourceTree = "<group>"; };
		622E333D1E553800001FB056 /* UIImage+MHCrop.m */ = {isa = PBXFileReference; fileEncoding = 4; lastKnownFileType = sourcecode.c.objc; path = "UIImage+MHCrop.m"; sourceTree = "<group>"; };
		622E333E1E553800001FB056 /* UIImage+MHExtension.h */ = {isa = PBXFileReference; fileEncoding = 4; lastKnownFileType = sourcecode.c.h; path = "UIImage+MHExtension.h"; sourceTree = "<group>"; };
		622E333F1E553800001FB056 /* UIImage+MHExtension.m */ = {isa = PBXFileReference; fileEncoding = 4; lastKnownFileType = sourcecode.c.objc; path = "UIImage+MHExtension.m"; sourceTree = "<group>"; };
		622E33401E553800001FB056 /* UIImage+MHFile.h */ = {isa = PBXFileReference; fileEncoding = 4; lastKnownFileType = sourcecode.c.h; path = "UIImage+MHFile.h"; sourceTree = "<group>"; };
		622E33411E553800001FB056 /* UIImage+MHFile.m */ = {isa = PBXFileReference; fileEncoding = 4; lastKnownFileType = sourcecode.c.objc; path = "UIImage+MHFile.m"; sourceTree = "<group>"; };
		622E33421E553800001FB056 /* UIImage+MHOrientation.h */ = {isa = PBXFileReference; fileEncoding = 4; lastKnownFileType = sourcecode.c.h; path = "UIImage+MHOrientation.h"; sourceTree = "<group>"; };
		622E33431E553800001FB056 /* UIImage+MHOrientation.m */ = {isa = PBXFileReference; fileEncoding = 4; lastKnownFileType = sourcecode.c.objc; path = "UIImage+MHOrientation.m"; sourceTree = "<group>"; };
		622E33441E553800001FB056 /* UIImage+MHSnap.h */ = {isa = PBXFileReference; fileEncoding = 4; lastKnownFileType = sourcecode.c.h; path = "UIImage+MHSnap.h"; sourceTree = "<group>"; };
		622E33451E553800001FB056 /* UIImage+MHSnap.m */ = {isa = PBXFileReference; fileEncoding = 4; lastKnownFileType = sourcecode.c.objc; path = "UIImage+MHSnap.m"; sourceTree = "<group>"; };
		622E33521E554603001FB056 /* MHYouKuCommentToolBar.h */ = {isa = PBXFileReference; fileEncoding = 4; lastKnownFileType = sourcecode.c.h; path = MHYouKuCommentToolBar.h; sourceTree = "<group>"; };
		622E33531E554603001FB056 /* MHYouKuCommentToolBar.m */ = {isa = PBXFileReference; fileEncoding = 4; lastKnownFileType = sourcecode.c.objc; path = MHYouKuCommentToolBar.m; sourceTree = "<group>"; };
		622E33561E554AC8001FB056 /* UIViewController+MHDismissKeyboard.h */ = {isa = PBXFileReference; fileEncoding = 4; lastKnownFileType = sourcecode.c.h; path = "UIViewController+MHDismissKeyboard.h"; sourceTree = "<group>"; };
		622E33571E554AC8001FB056 /* UIViewController+MHDismissKeyboard.m */ = {isa = PBXFileReference; fileEncoding = 4; lastKnownFileType = sourcecode.c.objc; path = "UIViewController+MHDismissKeyboard.m"; sourceTree = "<group>"; };
		622E33581E554AC8001FB056 /* UIViewController+MHHUD.h */ = {isa = PBXFileReference; fileEncoding = 4; lastKnownFileType = sourcecode.c.h; path = "UIViewController+MHHUD.h"; sourceTree = "<group>"; };
		622E33591E554AC8001FB056 /* UIViewController+MHHUD.m */ = {isa = PBXFileReference; fileEncoding = 4; lastKnownFileType = sourcecode.c.objc; path = "UIViewController+MHHUD.m"; sourceTree = "<group>"; };
		622E33611E5591F5001FB056 /* MHYouKuCommentController.h */ = {isa = PBXFileReference; fileEncoding = 4; lastKnownFileType = sourcecode.c.h; path = MHYouKuCommentController.h; sourceTree = "<group>"; };
		622E33621E5591F5001FB056 /* MHYouKuCommentController.m */ = {isa = PBXFileReference; fileEncoding = 4; lastKnownFileType = sourcecode.c.objc; path = MHYouKuCommentController.m; sourceTree = "<group>"; };
		622E33691E5591F5001FB056 /* MHYouKuTopicDetailController.h */ = {isa = PBXFileReference; fileEncoding = 4; lastKnownFileType = sourcecode.c.h; path = MHYouKuTopicDetailController.h; sourceTree = "<group>"; };
		622E336A1E5591F6001FB056 /* MHYouKuTopicDetailController.m */ = {isa = PBXFileReference; fileEncoding = 4; lastKnownFileType = sourcecode.c.objc; path = MHYouKuTopicDetailController.m; sourceTree = "<group>"; };
		622E336D1E5591F6001FB056 /* MHYouKuTopicController.h */ = {isa = PBXFileReference; fileEncoding = 4; lastKnownFileType = sourcecode.c.h; path = MHYouKuTopicController.h; sourceTree = "<group>"; };
		622E336E1E5591F6001FB056 /* MHYouKuTopicController.m */ = {isa = PBXFileReference; fileEncoding = 4; lastKnownFileType = sourcecode.c.objc; path = MHYouKuTopicController.m; sourceTree = "<group>"; };
		622E33741E5595B5001FB056 /* MHYouKuInputPanelView.h */ = {isa = PBXFileReference; fileEncoding = 4; lastKnownFileType = sourcecode.c.h; path = MHYouKuInputPanelView.h; sourceTree = "<group>"; };
		622E33751E5595B5001FB056 /* MHYouKuInputPanelView.m */ = {isa = PBXFileReference; fileEncoding = 4; lastKnownFileType = sourcecode.c.objc; path = MHYouKuInputPanelView.m; sourceTree = "<group>"; };
		622E33781E559701001FB056 /* MBProgressHUD+MH.h */ = {isa = PBXFileReference; fileEncoding = 4; lastKnownFileType = sourcecode.c.h; path = "MBProgressHUD+MH.h"; sourceTree = "<group>"; };
		622E33791E559701001FB056 /* MBProgressHUD+MH.m */ = {isa = PBXFileReference; fileEncoding = 4; lastKnownFileType = sourcecode.c.objc; path = "MBProgressHUD+MH.m"; sourceTree = "<group>"; };
		622E337A1E559701001FB056 /* MBProgressHUD.bundle */ = {isa = PBXFileReference; lastKnownFileType = "wrapper.plug-in"; path = MBProgressHUD.bundle; sourceTree = "<group>"; };
		623D2A831E5298B30038BB9B /* MHYouKuController.h */ = {isa = PBXFileReference; fileEncoding = 4; lastKnownFileType = sourcecode.c.h; path = MHYouKuController.h; sourceTree = "<group>"; };
		623D2A841E5298B30038BB9B /* MHYouKuController.m */ = {isa = PBXFileReference; fileEncoding = 4; lastKnownFileType = sourcecode.c.objc; path = MHYouKuController.m; sourceTree = "<group>"; };
		625B739B1E4C4AB7006A8E86 /* MHUserInfoController.h */ = {isa = PBXFileReference; fileEncoding = 4; lastKnownFileType = sourcecode.c.h; path = MHUserInfoController.h; sourceTree = "<group>"; };
		625B739C1E4C4AB7006A8E86 /* MHUserInfoController.m */ = {isa = PBXFileReference; fileEncoding = 4; lastKnownFileType = sourcecode.c.objc; path = MHUserInfoController.m; sourceTree = "<group>"; };
		625B73AD1E4C4BA6006A8E86 /* MHTopicTwoController.h */ = {isa = PBXFileReference; fileEncoding = 4; lastKnownFileType = sourcecode.c.h; path = MHTopicTwoController.h; sourceTree = "<group>"; };
		625B73AE1E4C4BA6006A8E86 /* MHTopicTwoController.m */ = {isa = PBXFileReference; fileEncoding = 4; lastKnownFileType = sourcecode.c.objc; path = MHTopicTwoController.m; sourceTree = "<group>"; };
		625B73B11E4C4BA6006A8E86 /* MHTopicCell.h */ = {isa = PBXFileReference; fileEncoding = 4; lastKnownFileType = sourcecode.c.h; path = MHTopicCell.h; sourceTree = "<group>"; };
		625B73B21E4C4BA6006A8E86 /* MHTopicCell.m */ = {isa = PBXFileReference; fileEncoding = 4; lastKnownFileType = sourcecode.c.objc; path = MHTopicCell.m; sourceTree = "<group>"; };
		625B73B31E4C4BA6006A8E86 /* MHTopicCommentCell.h */ = {isa = PBXFileReference; fileEncoding = 4; lastKnownFileType = sourcecode.c.h; path = MHTopicCommentCell.h; sourceTree = "<group>"; };
		625B73B41E4C4BA6006A8E86 /* MHTopicCommentCell.m */ = {isa = PBXFileReference; fileEncoding = 4; lastKnownFileType = sourcecode.c.objc; path = MHTopicCommentCell.m; sourceTree = "<group>"; };
		625B73B91E4C598C006A8E86 /* NSDate+Extension.h */ = {isa = PBXFileReference; fileEncoding = 4; lastKnownFileType = sourcecode.c.h; path = "NSDate+Extension.h"; sourceTree = "<group>"; };
		625B73BA1E4C598C006A8E86 /* NSDate+Extension.m */ = {isa = PBXFileReference; fileEncoding = 4; lastKnownFileType = sourcecode.c.objc; path = "NSDate+Extension.m"; sourceTree = "<group>"; };
		625B73BB1E4C598C006A8E86 /* NSDateFormatter+Extension.h */ = {isa = PBXFileReference; fileEncoding = 4; lastKnownFileType = sourcecode.c.h; path = "NSDateFormatter+Extension.h"; sourceTree = "<group>"; };
		625B73BC1E4C598C006A8E86 /* NSDateFormatter+Extension.m */ = {isa = PBXFileReference; fileEncoding = 4; lastKnownFileType = sourcecode.c.objc; path = "NSDateFormatter+Extension.m"; sourceTree = "<group>"; };
		627A95131E4968E0004A1ED2 /* MHDevelopExample.app */ = {isa = PBXFileReference; explicitFileType = wrapper.application; includeInIndex = 0; path = MHDevelopExample.app; sourceTree = BUILT_PRODUCTS_DIR; };
		627A95171E4968E0004A1ED2 /* main.m */ = {isa = PBXFileReference; lastKnownFileType = sourcecode.c.objc; path = main.m; sourceTree = "<group>"; };
		627A95191E4968E0004A1ED2 /* AppDelegate.h */ = {isa = PBXFileReference; lastKnownFileType = sourcecode.c.h; path = AppDelegate.h; sourceTree = "<group>"; };
		627A951A1E4968E0004A1ED2 /* AppDelegate.m */ = {isa = PBXFileReference; lastKnownFileType = sourcecode.c.objc; path = AppDelegate.m; sourceTree = "<group>"; };
		627A951C1E4968E0004A1ED2 /* MHExampleController.h */ = {isa = PBXFileReference; lastKnownFileType = sourcecode.c.h; path = MHExampleController.h; sourceTree = "<group>"; };
		627A951D1E4968E0004A1ED2 /* MHExampleController.m */ = {isa = PBXFileReference; lastKnownFileType = sourcecode.c.objc; path = MHExampleController.m; sourceTree = "<group>"; };
		627A95201E4968E0004A1ED2 /* Base */ = {isa = PBXFileReference; lastKnownFileType = file.storyboard; name = Base; path = Base.lproj/Main.storyboard; sourceTree = "<group>"; };
		627A95271E4968E0004A1ED2 /* Info.plist */ = {isa = PBXFileReference; lastKnownFileType = text.plist.xml; path = Info.plist; sourceTree = "<group>"; };
		627A952C1E4968E0004A1ED2 /* MHDevelopExampleTests.xctest */ = {isa = PBXFileReference; explicitFileType = wrapper.cfbundle; includeInIndex = 0; path = MHDevelopExampleTests.xctest; sourceTree = BUILT_PRODUCTS_DIR; };
		627A95301E4968E0004A1ED2 /* MHDevelopExampleTests.m */ = {isa = PBXFileReference; lastKnownFileType = sourcecode.c.objc; path = MHDevelopExampleTests.m; sourceTree = "<group>"; };
		627A95321E4968E0004A1ED2 /* Info.plist */ = {isa = PBXFileReference; lastKnownFileType = text.plist.xml; path = Info.plist; sourceTree = "<group>"; };
		627A95371E4968E0004A1ED2 /* MHDevelopExampleUITests.xctest */ = {isa = PBXFileReference; explicitFileType = wrapper.cfbundle; includeInIndex = 0; path = MHDevelopExampleUITests.xctest; sourceTree = BUILT_PRODUCTS_DIR; };
		627A953B1E4968E0004A1ED2 /* MHDevelopExampleUITests.m */ = {isa = PBXFileReference; lastKnownFileType = sourcecode.c.objc; path = MHDevelopExampleUITests.m; sourceTree = "<group>"; };
		627A953D1E4968E0004A1ED2 /* Info.plist */ = {isa = PBXFileReference; lastKnownFileType = text.plist.xml; path = Info.plist; sourceTree = "<group>"; };
		627A95581E496CF1004A1ED2 /* MHNavigationController.h */ = {isa = PBXFileReference; fileEncoding = 4; lastKnownFileType = sourcecode.c.h; path = MHNavigationController.h; sourceTree = "<group>"; };
		627A95591E496CF1004A1ED2 /* MHNavigationController.m */ = {isa = PBXFileReference; fileEncoding = 4; lastKnownFileType = sourcecode.c.objc; path = MHNavigationController.m; sourceTree = "<group>"; };
		627A955B1E496E1B004A1ED2 /* MHExample.h */ = {isa = PBXFileReference; fileEncoding = 4; lastKnownFileType = sourcecode.c.h; path = MHExample.h; sourceTree = "<group>"; };
		627A955C1E496E1B004A1ED2 /* MHExample.m */ = {isa = PBXFileReference; fileEncoding = 4; lastKnownFileType = sourcecode.c.objc; path = MHExample.m; sourceTree = "<group>"; };
		627A955E1E496FAE004A1ED2 /* MHDevelopExamplePrefixHeader.pch */ = {isa = PBXFileReference; lastKnownFileType = sourcecode.c.h; path = MHDevelopExamplePrefixHeader.pch; sourceTree = "<group>"; };
		627A955F1E4973D2004A1ED2 /* MHConstant.h */ = {isa = PBXFileReference; fileEncoding = 4; lastKnownFileType = sourcecode.c.h; path = MHConstant.h; sourceTree = "<group>"; };
		627A95601E4973D2004A1ED2 /* MHConstant.m */ = {isa = PBXFileReference; fileEncoding = 4; lastKnownFileType = sourcecode.c.objc; path = MHConstant.m; sourceTree = "<group>"; };
		627A95621E497824004A1ED2 /* Assets.xcassets */ = {isa = PBXFileReference; lastKnownFileType = folder.assetcatalog; path = Assets.xcassets; sourceTree = "<group>"; };
		627A956D1E49A615004A1ED2 /* MHViewController.h */ = {isa = PBXFileReference; fileEncoding = 4; lastKnownFileType = sourcecode.c.h; path = MHViewController.h; sourceTree = "<group>"; };
		627A956E1E49A615004A1ED2 /* MHViewController.m */ = {isa = PBXFileReference; fileEncoding = 4; lastKnownFileType = sourcecode.c.objc; path = MHViewController.m; sourceTree = "<group>"; };
		627A95701E49A694004A1ED2 /* MHBuDeJieController.h */ = {isa = PBXFileReference; fileEncoding = 4; lastKnownFileType = sourcecode.c.h; path = MHBuDeJieController.h; sourceTree = "<group>"; };
		627A95711E49A694004A1ED2 /* MHBuDeJieController.m */ = {isa = PBXFileReference; fileEncoding = 4; lastKnownFileType = sourcecode.c.objc; path = MHBuDeJieController.m; sourceTree = "<group>"; };
		627A95731E49A77E004A1ED2 /* MHNetEaseNewsController.h */ = {isa = PBXFileReference; fileEncoding = 4; lastKnownFileType = sourcecode.c.h; path = MHNetEaseNewsController.h; sourceTree = "<group>"; };
		627A95741E49A77E004A1ED2 /* MHNetEaseNewsController.m */ = {isa = PBXFileReference; fileEncoding = 4; lastKnownFileType = sourcecode.c.objc; path = MHNetEaseNewsController.m; sourceTree = "<group>"; };
		627A95771E49AD30004A1ED2 /* UIBarButtonItem+MHExtension.h */ = {isa = PBXFileReference; fileEncoding = 4; lastKnownFileType = sourcecode.c.h; path = "UIBarButtonItem+MHExtension.h"; sourceTree = "<group>"; };
		627A95781E49AD30004A1ED2 /* UIBarButtonItem+MHExtension.m */ = {isa = PBXFileReference; fileEncoding = 4; lastKnownFileType = sourcecode.c.objc; path = "UIBarButtonItem+MHExtension.m"; sourceTree = "<group>"; };
		627A957A1E49AE00004A1ED2 /* MHBackButton.h */ = {isa = PBXFileReference; fileEncoding = 4; lastKnownFileType = sourcecode.c.h; path = MHBackButton.h; sourceTree = "<group>"; };
		627A957B1E49AE00004A1ED2 /* MHBackButton.m */ = {isa = PBXFileReference; fileEncoding = 4; lastKnownFileType = sourcecode.c.objc; path = MHBackButton.m; sourceTree = "<group>"; };
		627A957E1E49AE5B004A1ED2 /* UIView+MH.h */ = {isa = PBXFileReference; fileEncoding = 4; lastKnownFileType = sourcecode.c.h; path = "UIView+MH.h"; sourceTree = "<group>"; };
		627A957F1E49AE5B004A1ED2 /* UIView+MHExtension.h */ = {isa = PBXFileReference; fileEncoding = 4; lastKnownFileType = sourcecode.c.h; path = "UIView+MHExtension.h"; sourceTree = "<group>"; };
		627A95801E49AE5B004A1ED2 /* UIView+MHExtension.m */ = {isa = PBXFileReference; fileEncoding = 4; lastKnownFileType = sourcecode.c.objc; path = "UIView+MHExtension.m"; sourceTree = "<group>"; };
		627A95811E49AE5B004A1ED2 /* UIView+MHFrame.h */ = {isa = PBXFileReference; fileEncoding = 4; lastKnownFileType = sourcecode.c.h; path = "UIView+MHFrame.h"; sourceTree = "<group>"; };
		627A95821E49AE5B004A1ED2 /* UIView+MHFrame.m */ = {isa = PBXFileReference; fileEncoding = 4; lastKnownFileType = sourcecode.c.objc; path = "UIView+MHFrame.m"; sourceTree = "<group>"; };
		627A958C1E49B0B0004A1ED2 /* MHTopicController.h */ = {isa = PBXFileReference; fileEncoding = 4; lastKnownFileType = sourcecode.c.h; path = MHTopicController.h; sourceTree = "<group>"; };
		627A958D1E49B0B0004A1ED2 /* MHTopicController.m */ = {isa = PBXFileReference; fileEncoding = 4; lastKnownFileType = sourcecode.c.objc; path = MHTopicController.m; sourceTree = "<group>"; };
		627A958F1E49C91B004A1ED2 /* MHTopicLabel.h */ = {isa = PBXFileReference; fileEncoding = 4; lastKnownFileType = sourcecode.c.h; path = MHTopicLabel.h; sourceTree = "<group>"; };
		627A95901E49C91B004A1ED2 /* MHTopicLabel.m */ = {isa = PBXFileReference; fileEncoding = 4; lastKnownFileType = sourcecode.c.objc; path = MHTopicLabel.m; sourceTree = "<group>"; };
		94A0424108EDF4DD00FF9B94 /* Pods_MHDevelopExample.framework */ = {isa = PBXFileReference; explicitFileType = wrapper.framework; includeInIndex = 0; path = Pods_MHDevelopExample.framework; sourceTree = BUILT_PRODUCTS_DIR; };
		D709199DA67C0E6BC2500608 /* Pods-MHDevelopExample.release.xcconfig */ = {isa = PBXFileReference; includeInIndex = 1; lastKnownFileType = text.xcconfig; name = "Pods-MHDevelopExample.release.xcconfig"; path = "Pods/Target Support Files/Pods-MHDevelopExample/Pods-MHDevelopExample.release.xcconfig"; sourceTree = "<group>"; };
		DF4CA6BC05B6740B754109C1 /* Pods-MHDevelopExample.debug.xcconfig */ = {isa = PBXFileReference; includeInIndex = 1; lastKnownFileType = text.xcconfig; name = "Pods-MHDevelopExample.debug.xcconfig"; path = "Pods/Target Support Files/Pods-MHDevelopExample/Pods-MHDevelopExample.debug.xcconfig"; sourceTree = "<group>"; };
/* End PBXFileReference section */

/* Begin PBXFrameworksBuildPhase section */
		627A95101E4968E0004A1ED2 /* Frameworks */ = {
			isa = PBXFrameworksBuildPhase;
			buildActionMask = 2147483647;
			files = (
				3D3D48382E147C90FD55FE03 /* Pods_MHDevelopExample.framework in Frameworks */,
			);
			runOnlyForDeploymentPostprocessing = 0;
		};
		627A95291E4968E0004A1ED2 /* Frameworks */ = {
			isa = PBXFrameworksBuildPhase;
			buildActionMask = 2147483647;
			files = (
			);
			runOnlyForDeploymentPostprocessing = 0;
		};
		627A95341E4968E0004A1ED2 /* Frameworks */ = {
			isa = PBXFrameworksBuildPhase;
			buildActionMask = 2147483647;
			files = (
			);
			runOnlyForDeploymentPostprocessing = 0;
		};
/* End PBXFrameworksBuildPhase section */

/* Begin PBXGroup section */
		620B4BF91E4A1EC900266A72 /* Display */ = {
			isa = PBXGroup;
			children = (
				620B4BFA1E4A1EC900266A72 /* Controller */,
				620B4BFB1E4A1EC900266A72 /* Model */,
				620B4BFC1E4A1EC900266A72 /* View */,
				620B4BFD1E4A1F6200266A72 /* MHDisplayController.h */,
				620B4BFE1E4A1F6200266A72 /* MHDisplayController.m */,
			);
			path = Display;
			sourceTree = "<group>";
		};
		620B4BFA1E4A1EC900266A72 /* Controller */ = {
			isa = PBXGroup;
			children = (
			);
			path = Controller;
			sourceTree = "<group>";
		};
		620B4BFB1E4A1EC900266A72 /* Model */ = {
			isa = PBXGroup;
			children = (
			);
			path = Model;
			sourceTree = "<group>";
		};
		620B4BFC1E4A1EC900266A72 /* View */ = {
			isa = PBXGroup;
			children = (
			);
			path = View;
			sourceTree = "<group>";
		};
		620B4C001E4A2A5A00266A72 /* ICViewPager */ = {
			isa = PBXGroup;
			children = (
				620B4C011E4A2A5A00266A72 /* ViewPagerController.h */,
				620B4C021E4A2A5A00266A72 /* ViewPagerController.m */,
			);
			path = ICViewPager;
			sourceTree = "<group>";
		};
		6223CEDC1E54092D00993A91 /* Tool */ = {
			isa = PBXGroup;
			children = (
				6223CEDE1E54096700993A91 /* MHTopicManager.h */,
				6223CEDF1E54096700993A91 /* MHTopicManager.m */,
			);
			path = Tool;
			sourceTree = "<group>";
		};
		6223CEE11E5409A900993A91 /* Singleton */ = {
			isa = PBXGroup;
			children = (
				6223CEE21E5409A900993A91 /* MHSingleton.h */,
			);
			path = Singleton;
			sourceTree = "<group>";
		};
		6226371E1E4AA881007F9360 /* Comment */ = {
			isa = PBXGroup;
			children = (
				6226371F1E4AA881007F9360 /* Base */,
				623D2A7F1E5298A40038BB9B /* YouKu */,
				622637271E4AA881007F9360 /* OneTableView */,
				625B73AB1E4C4BA6006A8E86 /* TwoTableView */,
			);
			path = Comment;
			sourceTree = "<group>";
		};
		6226371F1E4AA881007F9360 /* Base */ = {
			isa = PBXGroup;
			children = (
				6223CEDC1E54092D00993A91 /* Tool */,
				622637201E4AA881007F9360 /* Controller */,
				622637211E4AA881007F9360 /* Model */,
				622637221E4AA881007F9360 /* View */,
			);
			path = Base;
			sourceTree = "<group>";
		};
		622637201E4AA881007F9360 /* Controller */ = {
			isa = PBXGroup;
			children = (
				625B739B1E4C4AB7006A8E86 /* MHUserInfoController.h */,
				625B739C1E4C4AB7006A8E86 /* MHUserInfoController.m */,
			);
			path = Controller;
			sourceTree = "<group>";
		};
		622637211E4AA881007F9360 /* Model */ = {
			isa = PBXGroup;
			children = (
				6226372B1E4AAB50007F9360 /* MHTopic.h */,
				6226372C1E4AAB50007F9360 /* MHTopic.m */,
				622637311E4AAC10007F9360 /* MHComment.h */,
				622637321E4AAC10007F9360 /* MHComment.m */,
				6223CEE61E5423B300993A91 /* MHCommentReply.h */,
				6223CEE71E5423B300993A91 /* MHCommentReply.m */,
				6226372E1E4AABF8007F9360 /* MHUser.h */,
				6226372F1E4AABF8007F9360 /* MHUser.m */,
				622637341E4AAD85007F9360 /* MHTopicFrame.h */,
				622637351E4AAD85007F9360 /* MHTopicFrame.m */,
				622637371E4AAD96007F9360 /* MHCommentFrame.h */,
				622637381E4AAD96007F9360 /* MHCommentFrame.m */,
			);
			path = Model;
			sourceTree = "<group>";
		};
		622637221E4AA881007F9360 /* View */ = {
			isa = PBXGroup;
			children = (
			);
			path = View;
			sourceTree = "<group>";
		};
		622637271E4AA881007F9360 /* OneTableView */ = {
			isa = PBXGroup;
			children = (
				622637281E4AA881007F9360 /* Controller */,
				622637291E4AA881007F9360 /* Model */,
				6226372A1E4AA881007F9360 /* View */,
				6226373A1E4AB8D4007F9360 /* MHTopicOneController.h */,
				6226373B1E4AB8D4007F9360 /* MHTopicOneController.m */,
			);
			path = OneTableView;
			sourceTree = "<group>";
		};
		622637281E4AA881007F9360 /* Controller */ = {
			isa = PBXGroup;
			children = (
			);
			path = Controller;
			sourceTree = "<group>";
		};
		622637291E4AA881007F9360 /* Model */ = {
			isa = PBXGroup;
			children = (
			);
			path = Model;
			sourceTree = "<group>";
		};
		6226372A1E4AA881007F9360 /* View */ = {
			isa = PBXGroup;
			children = (
				6226374A1E4AC61D007F9360 /* MHTopicHeaderView.h */,
				6226374B1E4AC61D007F9360 /* MHTopicHeaderView.m */,
				622637481E4AC61D007F9360 /* MHTopicFooterView.h */,
				622637491E4AC61D007F9360 /* MHTopicFooterView.m */,
				622637461E4AC61D007F9360 /* MHCommentCell.h */,
				622637471E4AC61D007F9360 /* MHCommentCell.m */,
			);
			path = View;
			sourceTree = "<group>";
		};
		622637551E4AF259007F9360 /* UIFont */ = {
			isa = PBXGroup;
			children = (
				622637561E4AF259007F9360 /* UIFont+MHExtension.h */,
				622637571E4AF259007F9360 /* UIFont+MHExtension.m */,
			);
			path = UIFont;
			sourceTree = "<group>";
		};
		622637591E4AF925007F9360 /* NSString */ = {
			isa = PBXGroup;
			children = (
				6226375A1E4AF925007F9360 /* NSString+MH.h */,
				6226375B1E4AF925007F9360 /* NSString+MHSize.h */,
				6226375C1E4AF925007F9360 /* NSString+MHSize.m */,
			);
			path = NSString;
			sourceTree = "<group>";
		};
		6226375E1E4B0325007F9360 /* Http */ = {
			isa = PBXGroup;
			children = (
				6226375F1E4B0325007F9360 /* MHWebImageTool.h */,
				622637601E4B0325007F9360 /* MHWebImageTool.m */,
			);
			path = Http;
			sourceTree = "<group>";
		};
		622637621E4B08B8007F9360 /* NSObject */ = {
			isa = PBXGroup;
			children = (
				622637631E4B08E1007F9360 /* NSObject+MHRandom.h */,
				622637641E4B08E1007F9360 /* NSObject+MHRandom.m */,
				622637661E4B0994007F9360 /* NSObject+MH.h */,
			);
			path = NSObject;
			sourceTree = "<group>";
		};
		622990641E4D4C7B00E0890E /* UITableView */ = {
			isa = PBXGroup;
			children = (
				622990701E4D4CFB00E0890E /* Base */,
				622990651E4D4C7B00E0890E /* Delete */,
				622990691E4D4C7B00E0890E /* Selects */,
			);
			path = UITableView;
			sourceTree = "<group>";
		};
		622990651E4D4C7B00E0890E /* Delete */ = {
			isa = PBXGroup;
			children = (
				6229906D1E4D4CC500E0890E /* MHDeleteController.h */,
				6229906E1E4D4CC500E0890E /* MHDeleteController.m */,
				622990661E4D4C7B00E0890E /* Controller */,
				622990671E4D4C7B00E0890E /* Model */,
				622990681E4D4C7B00E0890E /* View */,
			);
			path = Delete;
			sourceTree = "<group>";
		};
		622990661E4D4C7B00E0890E /* Controller */ = {
			isa = PBXGroup;
			children = (
			);
			path = Controller;
			sourceTree = "<group>";
		};
		622990671E4D4C7B00E0890E /* Model */ = {
			isa = PBXGroup;
			children = (
			);
			path = Model;
			sourceTree = "<group>";
		};
		622990681E4D4C7B00E0890E /* View */ = {
			isa = PBXGroup;
			children = (
			);
			path = View;
			sourceTree = "<group>";
		};
		622990691E4D4C7B00E0890E /* Selects */ = {
			isa = PBXGroup;
			children = (
				6229906A1E4D4C7B00E0890E /* Controller */,
				6229906B1E4D4C7B00E0890E /* Model */,
				6229906C1E4D4C7B00E0890E /* View */,
				622990741E4D4D5100E0890E /* MHSelectsController.h */,
				622990751E4D4D5100E0890E /* MHSelectsController.m */,
			);
			path = Selects;
			sourceTree = "<group>";
		};
		6229906A1E4D4C7B00E0890E /* Controller */ = {
			isa = PBXGroup;
			children = (
			);
			path = Controller;
			sourceTree = "<group>";
		};
		6229906B1E4D4C7B00E0890E /* Model */ = {
			isa = PBXGroup;
			children = (
			);
			path = Model;
			sourceTree = "<group>";
		};
		6229906C1E4D4C7B00E0890E /* View */ = {
			isa = PBXGroup;
			children = (
			);
			path = View;
			sourceTree = "<group>";
		};
		622990701E4D4CFB00E0890E /* Base */ = {
			isa = PBXGroup;
			children = (
				622990711E4D4CFB00E0890E /* Controller */,
				622990721E4D4CFB00E0890E /* Model */,
				622990731E4D4CFB00E0890E /* View */,
			);
			path = Base;
			sourceTree = "<group>";
		};
		622990711E4D4CFB00E0890E /* Controller */ = {
			isa = PBXGroup;
			children = (
				622990831E4E2D4500E0890E /* MHOperationController.h */,
				622990841E4E2D4500E0890E /* MHOperationController.m */,
			);
			path = Controller;
			sourceTree = "<group>";
		};
		622990721E4D4CFB00E0890E /* Model */ = {
			isa = PBXGroup;
			children = (
			);
			path = Model;
			sourceTree = "<group>";
		};
		622990731E4D4CFB00E0890E /* View */ = {
			isa = PBXGroup;
			children = (
				622990771E4D4DAF00E0890E /* MHOperationCell.h */,
				622990781E4D4DAF00E0890E /* MHOperationCell.m */,
			);
			path = View;
			sourceTree = "<group>";
		};
		622E33381E553800001FB056 /* UIImage */ = {
			isa = PBXGroup;
			children = (
				622E33391E553800001FB056 /* UIImage+MH.h */,
				622E333A1E553800001FB056 /* UIImage+MHBlur.h */,
				622E333B1E553800001FB056 /* UIImage+MHBlur.m */,
				622E333C1E553800001FB056 /* UIImage+MHCrop.h */,
				622E333D1E553800001FB056 /* UIImage+MHCrop.m */,
				622E333E1E553800001FB056 /* UIImage+MHExtension.h */,
				622E333F1E553800001FB056 /* UIImage+MHExtension.m */,
				622E33401E553800001FB056 /* UIImage+MHFile.h */,
				622E33411E553800001FB056 /* UIImage+MHFile.m */,
				622E33421E553800001FB056 /* UIImage+MHOrientation.h */,
				622E33431E553800001FB056 /* UIImage+MHOrientation.m */,
				622E33441E553800001FB056 /* UIImage+MHSnap.h */,
				622E33451E553800001FB056 /* UIImage+MHSnap.m */,
			);
			path = UIImage;
			sourceTree = "<group>";
		};
		622E33551E554AC8001FB056 /* UIViewController */ = {
			isa = PBXGroup;
			children = (
				622E33561E554AC8001FB056 /* UIViewController+MHDismissKeyboard.h */,
				622E33571E554AC8001FB056 /* UIViewController+MHDismissKeyboard.m */,
				622E33581E554AC8001FB056 /* UIViewController+MHHUD.h */,
				622E33591E554AC8001FB056 /* UIViewController+MHHUD.m */,
			);
			path = UIViewController;
			sourceTree = "<group>";
		};
		622E335F1E5591F5001FB056 /* Comment */ = {
			isa = PBXGroup;
			children = (
				622E33601E5591F5001FB056 /* Controller */,
				622E33611E5591F5001FB056 /* MHYouKuCommentController.h */,
				622E33621E5591F5001FB056 /* MHYouKuCommentController.m */,
				622E33631E5591F5001FB056 /* Model */,
				622E33641E5591F5001FB056 /* View */,
			);
			path = Comment;
			sourceTree = "<group>";
		};
		622E33601E5591F5001FB056 /* Controller */ = {
			isa = PBXGroup;
			children = (
			);
			path = Controller;
			sourceTree = "<group>";
		};
		622E33631E5591F5001FB056 /* Model */ = {
			isa = PBXGroup;
			children = (
			);
			path = Model;
			sourceTree = "<group>";
		};
		622E33641E5591F5001FB056 /* View */ = {
			isa = PBXGroup;
			children = (
			);
			path = View;
			sourceTree = "<group>";
		};
		622E33651E5591F5001FB056 /* Topic */ = {
			isa = PBXGroup;
			children = (
				622E336D1E5591F6001FB056 /* MHYouKuTopicController.h */,
				622E336E1E5591F6001FB056 /* MHYouKuTopicController.m */,
				622E33661E5591F5001FB056 /* Controller */,
				622E336F1E5591F6001FB056 /* Model */,
				622E33701E5591F6001FB056 /* View */,
			);
			path = Topic;
			sourceTree = "<group>";
		};
		622E33661E5591F5001FB056 /* Controller */ = {
			isa = PBXGroup;
			children = (
				622E33671E5591F5001FB056 /* TopicDetail */,
			);
			path = Controller;
			sourceTree = "<group>";
		};
		622E33671E5591F5001FB056 /* TopicDetail */ = {
			isa = PBXGroup;
			children = (
				622E33691E5591F5001FB056 /* MHYouKuTopicDetailController.h */,
				622E336A1E5591F6001FB056 /* MHYouKuTopicDetailController.m */,
				622E33681E5591F5001FB056 /* Controller */,
				622E336B1E5591F6001FB056 /* Model */,
				622E336C1E5591F6001FB056 /* View */,
			);
			path = TopicDetail;
			sourceTree = "<group>";
		};
		622E33681E5591F5001FB056 /* Controller */ = {
			isa = PBXGroup;
			children = (
			);
			path = Controller;
			sourceTree = "<group>";
		};
		622E336B1E5591F6001FB056 /* Model */ = {
			isa = PBXGroup;
			children = (
			);
			path = Model;
			sourceTree = "<group>";
		};
		622E336C1E5591F6001FB056 /* View */ = {
			isa = PBXGroup;
			children = (
			);
			path = View;
			sourceTree = "<group>";
		};
		622E336F1E5591F6001FB056 /* Model */ = {
			isa = PBXGroup;
			children = (
			);
			path = Model;
			sourceTree = "<group>";
		};
		622E33701E5591F6001FB056 /* View */ = {
			isa = PBXGroup;
			children = (
			);
			path = View;
			sourceTree = "<group>";
		};
		622E33771E559701001FB056 /* MBProgressHUD+MH */ = {
			isa = PBXGroup;
			children = (
				622E33781E559701001FB056 /* MBProgressHUD+MH.h */,
				622E33791E559701001FB056 /* MBProgressHUD+MH.m */,
				622E337A1E559701001FB056 /* MBProgressHUD.bundle */,
			);
			path = "MBProgressHUD+MH";
			sourceTree = "<group>";
		};
		623D2A7F1E5298A40038BB9B /* YouKu */ = {
			isa = PBXGroup;
			children = (
				623D2A801E5298A40038BB9B /* Controller */,
				623D2A811E5298A40038BB9B /* Model */,
				623D2A821E5298A40038BB9B /* View */,
				623D2A831E5298B30038BB9B /* MHYouKuController.h */,
				623D2A841E5298B30038BB9B /* MHYouKuController.m */,
			);
			path = YouKu;
			sourceTree = "<group>";
		};
		623D2A801E5298A40038BB9B /* Controller */ = {
			isa = PBXGroup;
			children = (
				622E335F1E5591F5001FB056 /* Comment */,
				622E33651E5591F5001FB056 /* Topic */,
			);
			path = Controller;
			sourceTree = "<group>";
		};
		623D2A811E5298A40038BB9B /* Model */ = {
			isa = PBXGroup;
			children = (
				622BF5D91E569130004DFCA2 /* MHYouKuMedia.h */,
				622BF5DA1E569130004DFCA2 /* MHYouKuMedia.m */,
				622BF5E21E56D579004DFCA2 /* MHYouKuItem.h */,
				622BF5E31E56D579004DFCA2 /* MHYouKuItem.m */,
				622BF5E51E56D59F004DFCA2 /* MHYouKuCommentItem.h */,
				622BF5E61E56D59F004DFCA2 /* MHYouKuCommentItem.m */,
				622BF5EE1E56E88A004DFCA2 /* MHYouKuAnthologyItem.h */,
				622BF5EF1E56E88A004DFCA2 /* MHYouKuAnthologyItem.m */,
			);
			path = Model;
			sourceTree = "<group>";
		};
		623D2A821E5298A40038BB9B /* View */ = {
			isa = PBXGroup;
			children = (
				6208770A1E5483DD00183F81 /* MHYouKuBottomToolBar.h */,
				6208770B1E5483DD00183F81 /* MHYouKuBottomToolBar.m */,
				6208770D1E549FE900183F81 /* MHYouKuVerticalSeparateButton.h */,
				6208770E1E549FE900183F81 /* MHYouKuVerticalSeparateButton.m */,
				620877101E54B0B900183F81 /* MHYouKuCommentButton.h */,
				620877111E54B0B900183F81 /* MHYouKuCommentButton.m */,
				622E33521E554603001FB056 /* MHYouKuCommentToolBar.h */,
				622E33531E554603001FB056 /* MHYouKuCommentToolBar.m */,
				622E33741E5595B5001FB056 /* MHYouKuInputPanelView.h */,
				622E33751E5595B5001FB056 /* MHYouKuInputPanelView.m */,
				622BF5DC1E569E47004DFCA2 /* MHYouKuMediaSummary.h */,
				622BF5DD1E569E47004DFCA2 /* MHYouKuMediaSummary.m */,
				622BF5DF1E569EC3004DFCA2 /* MHYouKuMediaDetail.h */,
				622BF5E01E569EC3004DFCA2 /* MHYouKuMediaDetail.m */,
				622BF5F11E56F45D004DFCA2 /* MHYouKuCommentHeaderView.h */,
				622BF5F21E56F45D004DFCA2 /* MHYouKuCommentHeaderView.m */,
				622BF5E81E56E6A4004DFCA2 /* MHYouKuAnthologyHeaderView.h */,
				622BF5E91E56E6A4004DFCA2 /* MHYouKuAnthologyHeaderView.m */,
			);
			path = View;
			sourceTree = "<group>";
		};
		625B73AB1E4C4BA6006A8E86 /* TwoTableView */ = {
			isa = PBXGroup;
			children = (
				625B73AD1E4C4BA6006A8E86 /* MHTopicTwoController.h */,
				625B73AE1E4C4BA6006A8E86 /* MHTopicTwoController.m */,
				625B73AC1E4C4BA6006A8E86 /* Controller */,
				625B73AF1E4C4BA6006A8E86 /* Model */,
				625B73B01E4C4BA6006A8E86 /* View */,
			);
			path = TwoTableView;
			sourceTree = "<group>";
		};
		625B73AC1E4C4BA6006A8E86 /* Controller */ = {
			isa = PBXGroup;
			children = (
			);
			path = Controller;
			sourceTree = "<group>";
		};
		625B73AF1E4C4BA6006A8E86 /* Model */ = {
			isa = PBXGroup;
			children = (
			);
			path = Model;
			sourceTree = "<group>";
		};
		625B73B01E4C4BA6006A8E86 /* View */ = {
			isa = PBXGroup;
			children = (
				625B73B11E4C4BA6006A8E86 /* MHTopicCell.h */,
				625B73B21E4C4BA6006A8E86 /* MHTopicCell.m */,
				625B73B31E4C4BA6006A8E86 /* MHTopicCommentCell.h */,
				625B73B41E4C4BA6006A8E86 /* MHTopicCommentCell.m */,
			);
			path = View;
			sourceTree = "<group>";
		};
		625B73B81E4C598C006A8E86 /* NSDate */ = {
			isa = PBXGroup;
			children = (
				625B73B91E4C598C006A8E86 /* NSDate+Extension.h */,
				625B73BA1E4C598C006A8E86 /* NSDate+Extension.m */,
				625B73BB1E4C598C006A8E86 /* NSDateFormatter+Extension.h */,
				625B73BC1E4C598C006A8E86 /* NSDateFormatter+Extension.m */,
			);
			path = NSDate;
			sourceTree = "<group>";
		};
		627A950A1E4968E0004A1ED2 = {
			isa = PBXGroup;
			children = (
				627A95151E4968E0004A1ED2 /* MHDevelopExample */,
				627A952F1E4968E0004A1ED2 /* MHDevelopExampleTests */,
				627A953A1E4968E0004A1ED2 /* MHDevelopExampleUITests */,
				627A95141E4968E0004A1ED2 /* Products */,
				74F9A659D5A57503BE8D1165 /* Pods */,
				F2D576D8EF168759D8A5190E /* Frameworks */,
			);
			sourceTree = "<group>";
		};
		627A95141E4968E0004A1ED2 /* Products */ = {
			isa = PBXGroup;
			children = (
				627A95131E4968E0004A1ED2 /* MHDevelopExample.app */,
				627A952C1E4968E0004A1ED2 /* MHDevelopExampleTests.xctest */,
				627A95371E4968E0004A1ED2 /* MHDevelopExampleUITests.xctest */,
			);
			name = Products;
			sourceTree = "<group>";
		};
		627A95151E4968E0004A1ED2 /* MHDevelopExample */ = {
			isa = PBXGroup;
			children = (
				627A95191E4968E0004A1ED2 /* AppDelegate.h */,
				627A951A1E4968E0004A1ED2 /* AppDelegate.m */,
				627A951C1E4968E0004A1ED2 /* MHExampleController.h */,
				627A951D1E4968E0004A1ED2 /* MHExampleController.m */,
				627A95621E497824004A1ED2 /* Assets.xcassets */,
				627A95491E496C3F004A1ED2 /* Classes */,
				627A951F1E4968E0004A1ED2 /* Main.storyboard */,
				627A95271E4968E0004A1ED2 /* Info.plist */,
				627A95161E4968E0004A1ED2 /* Supporting Files */,
			);
			path = MHDevelopExample;
			sourceTree = "<group>";
		};
		627A95161E4968E0004A1ED2 /* Supporting Files */ = {
			isa = PBXGroup;
			children = (
				627A95171E4968E0004A1ED2 /* main.m */,
				627A955E1E496FAE004A1ED2 /* MHDevelopExamplePrefixHeader.pch */,
			);
			name = "Supporting Files";
			sourceTree = "<group>";
		};
		627A952F1E4968E0004A1ED2 /* MHDevelopExampleTests */ = {
			isa = PBXGroup;
			children = (
				627A95301E4968E0004A1ED2 /* MHDevelopExampleTests.m */,
				627A95321E4968E0004A1ED2 /* Info.plist */,
			);
			path = MHDevelopExampleTests;
			sourceTree = "<group>";
		};
		627A953A1E4968E0004A1ED2 /* MHDevelopExampleUITests */ = {
			isa = PBXGroup;
			children = (
				627A953B1E4968E0004A1ED2 /* MHDevelopExampleUITests.m */,
				627A953D1E4968E0004A1ED2 /* Info.plist */,
			);
			path = MHDevelopExampleUITests;
			sourceTree = "<group>";
		};
		627A95491E496C3F004A1ED2 /* Classes */ = {
			isa = PBXGroup;
			children = (
				622990641E4D4C7B00E0890E /* UITableView */,
				6226371E1E4AA881007F9360 /* Comment */,
				627A95641E49A4F0004A1ED2 /* Paternity */,
				627A954A1E496C3F004A1ED2 /* Main */,
			);
			path = Classes;
			sourceTree = "<group>";
		};
		627A954A1E496C3F004A1ED2 /* Main */ = {
			isa = PBXGroup;
			children = (
				627A954B1E496C3F004A1ED2 /* Category */,
				627A954C1E496C3F004A1ED2 /* Controller */,
				627A954D1E496C3F004A1ED2 /* Libs */,
				627A954E1E496C3F004A1ED2 /* Model */,
				627A954F1E496C3F004A1ED2 /* Other */,
				627A95561E496C3F004A1ED2 /* Tool */,
				627A95571E496C3F004A1ED2 /* View */,
			);
			path = Main;
			sourceTree = "<group>";
		};
		627A954B1E496C3F004A1ED2 /* Category */ = {
			isa = PBXGroup;
			children = (
				622E33551E554AC8001FB056 /* UIViewController */,
				622E33381E553800001FB056 /* UIImage */,
				625B73B81E4C598C006A8E86 /* NSDate */,
				622637621E4B08B8007F9360 /* NSObject */,
				622637591E4AF925007F9360 /* NSString */,
				622637551E4AF259007F9360 /* UIFont */,
				627A957D1E49AE5B004A1ED2 /* UIView */,
				627A95761E49AD30004A1ED2 /* UIBarButtonItem */,
			);
			path = Category;
			sourceTree = "<group>";
		};
		627A954C1E496C3F004A1ED2 /* Controller */ = {
			isa = PBXGroup;
			children = (
				627A95581E496CF1004A1ED2 /* MHNavigationController.h */,
				627A95591E496CF1004A1ED2 /* MHNavigationController.m */,
				627A956D1E49A615004A1ED2 /* MHViewController.h */,
				627A956E1E49A615004A1ED2 /* MHViewController.m */,
			);
			path = Controller;
			sourceTree = "<group>";
		};
		627A954D1E496C3F004A1ED2 /* Libs */ = {
			isa = PBXGroup;
			children = (
				622E33771E559701001FB056 /* MBProgressHUD+MH */,
				6223CEE11E5409A900993A91 /* Singleton */,
				620B4C001E4A2A5A00266A72 /* ICViewPager */,
			);
			path = Libs;
			sourceTree = "<group>";
		};
		627A954E1E496C3F004A1ED2 /* Model */ = {
			isa = PBXGroup;
			children = (
				627A955B1E496E1B004A1ED2 /* MHExample.h */,
				627A955C1E496E1B004A1ED2 /* MHExample.m */,
				620877131E54B33C00183F81 /* MHAccount.h */,
				620877141E54B33C00183F81 /* MHAccount.m */,
			);
			path = Model;
			sourceTree = "<group>";
		};
		627A954F1E496C3F004A1ED2 /* Other */ = {
			isa = PBXGroup;
			children = (
				627A95501E496C3F004A1ED2 /* Common */,
				627A95511E496C3F004A1ED2 /* Data */,
				627A95551E496C3F004A1ED2 /* Picture */,
			);
			path = Other;
			sourceTree = "<group>";
		};
		627A95501E496C3F004A1ED2 /* Common */ = {
			isa = PBXGroup;
			children = (
				627A955F1E4973D2004A1ED2 /* MHConstant.h */,
				627A95601E4973D2004A1ED2 /* MHConstant.m */,
			);
			path = Common;
			sourceTree = "<group>";
		};
		627A95511E496C3F004A1ED2 /* Data */ = {
			isa = PBXGroup;
			children = (
				627A95521E496C3F004A1ED2 /* Data */,
				627A95531E496C3F004A1ED2 /* Json */,
				627A95541E496C3F004A1ED2 /* Plist */,
			);
			path = Data;
			sourceTree = "<group>";
		};
		627A95521E496C3F004A1ED2 /* Data */ = {
			isa = PBXGroup;
			children = (
			);
			path = Data;
			sourceTree = "<group>";
		};
		627A95531E496C3F004A1ED2 /* Json */ = {
			isa = PBXGroup;
			children = (
			);
			path = Json;
			sourceTree = "<group>";
		};
		627A95541E496C3F004A1ED2 /* Plist */ = {
			isa = PBXGroup;
			children = (
			);
			path = Plist;
			sourceTree = "<group>";
		};
		627A95551E496C3F004A1ED2 /* Picture */ = {
			isa = PBXGroup;
			children = (
			);
			path = Picture;
			sourceTree = "<group>";
		};
		627A95561E496C3F004A1ED2 /* Tool */ = {
			isa = PBXGroup;
			children = (
				6226375E1E4B0325007F9360 /* Http */,
			);
			path = Tool;
			sourceTree = "<group>";
		};
		627A95571E496C3F004A1ED2 /* View */ = {
			isa = PBXGroup;
			children = (
				6229907D1E4D504800E0890E /* MHTitleLeftButton.h */,
				6229907E1E4D504800E0890E /* MHTitleLeftButton.m */,
				6229907A1E4D503800E0890E /* MHTitleRightButton.h */,
				6229907B1E4D503800E0890E /* MHTitleRightButton.m */,
				627A957A1E49AE00004A1ED2 /* MHBackButton.h */,
				627A957B1E49AE00004A1ED2 /* MHBackButton.m */,
				6226374F1E4AEAD1007F9360 /* MHImageView.h */,
				622637501E4AEAD1007F9360 /* MHImageView.m */,
				622637521E4AED10007F9360 /* MHDivider.h */,
				622637531E4AED10007F9360 /* MHDivider.m */,
				622990801E4DAEBF00E0890E /* MHButton.h */,
				622990811E4DAEBF00E0890E /* MHButton.m */,
			);
			path = View;
			sourceTree = "<group>";
		};
		627A95641E49A4F0004A1ED2 /* Paternity */ = {
			isa = PBXGroup;
			children = (
				627A95851E49B05C004A1ED2 /* Base */,
				620B4BF91E4A1EC900266A72 /* Display */,
				627A95651E49A4F0004A1ED2 /* BaiSiBuDeJie */,
				627A95661E49A4F0004A1ED2 /* NetEaseNews */,
			);
			path = Paternity;
			sourceTree = "<group>";
		};
		627A95651E49A4F0004A1ED2 /* BaiSiBuDeJie */ = {
			isa = PBXGroup;
			children = (
				627A95671E49A54F004A1ED2 /* Controller */,
				627A95681E49A54F004A1ED2 /* Model */,
				627A95691E49A54F004A1ED2 /* View */,
				627A95701E49A694004A1ED2 /* MHBuDeJieController.h */,
				627A95711E49A694004A1ED2 /* MHBuDeJieController.m */,
			);
			path = BaiSiBuDeJie;
			sourceTree = "<group>";
		};
		627A95661E49A4F0004A1ED2 /* NetEaseNews */ = {
			isa = PBXGroup;
			children = (
				627A956A1E49A568004A1ED2 /* Controller */,
				627A956B1E49A568004A1ED2 /* Model */,
				627A956C1E49A568004A1ED2 /* View */,
				627A95731E49A77E004A1ED2 /* MHNetEaseNewsController.h */,
				627A95741E49A77E004A1ED2 /* MHNetEaseNewsController.m */,
			);
			path = NetEaseNews;
			sourceTree = "<group>";
		};
		627A95671E49A54F004A1ED2 /* Controller */ = {
			isa = PBXGroup;
			children = (
			);
			path = Controller;
			sourceTree = "<group>";
		};
		627A95681E49A54F004A1ED2 /* Model */ = {
			isa = PBXGroup;
			children = (
			);
			path = Model;
			sourceTree = "<group>";
		};
		627A95691E49A54F004A1ED2 /* View */ = {
			isa = PBXGroup;
			children = (
			);
			path = View;
			sourceTree = "<group>";
		};
		627A956A1E49A568004A1ED2 /* Controller */ = {
			isa = PBXGroup;
			children = (
			);
			path = Controller;
			sourceTree = "<group>";
		};
		627A956B1E49A568004A1ED2 /* Model */ = {
			isa = PBXGroup;
			children = (
			);
			path = Model;
			sourceTree = "<group>";
		};
		627A956C1E49A568004A1ED2 /* View */ = {
			isa = PBXGroup;
			children = (
				627A958F1E49C91B004A1ED2 /* MHTopicLabel.h */,
				627A95901E49C91B004A1ED2 /* MHTopicLabel.m */,
			);
			path = View;
			sourceTree = "<group>";
		};
		627A95761E49AD30004A1ED2 /* UIBarButtonItem */ = {
			isa = PBXGroup;
			children = (
				627A95771E49AD30004A1ED2 /* UIBarButtonItem+MHExtension.h */,
				627A95781E49AD30004A1ED2 /* UIBarButtonItem+MHExtension.m */,
			);
			path = UIBarButtonItem;
			sourceTree = "<group>";
		};
		627A957D1E49AE5B004A1ED2 /* UIView */ = {
			isa = PBXGroup;
			children = (
				627A957E1E49AE5B004A1ED2 /* UIView+MH.h */,
				627A957F1E49AE5B004A1ED2 /* UIView+MHExtension.h */,
				627A95801E49AE5B004A1ED2 /* UIView+MHExtension.m */,
				627A95811E49AE5B004A1ED2 /* UIView+MHFrame.h */,
				627A95821E49AE5B004A1ED2 /* UIView+MHFrame.m */,
			);
			path = UIView;
			sourceTree = "<group>";
		};
		627A95851E49B05C004A1ED2 /* Base */ = {
			isa = PBXGroup;
			children = (
				627A95861E49B05C004A1ED2 /* Controller */,
				627A95871E49B05C004A1ED2 /* Model */,
				627A95881E49B05C004A1ED2 /* View */,
			);
			path = Base;
			sourceTree = "<group>";
		};
		627A95861E49B05C004A1ED2 /* Controller */ = {
			isa = PBXGroup;
			children = (
				627A958C1E49B0B0004A1ED2 /* MHTopicController.h */,
				627A958D1E49B0B0004A1ED2 /* MHTopicController.m */,
			);
			path = Controller;
			sourceTree = "<group>";
		};
		627A95871E49B05C004A1ED2 /* Model */ = {
			isa = PBXGroup;
			children = (
			);
			path = Model;
			sourceTree = "<group>";
		};
		627A95881E49B05C004A1ED2 /* View */ = {
			isa = PBXGroup;
			children = (
			);
			path = View;
			sourceTree = "<group>";
		};
		74F9A659D5A57503BE8D1165 /* Pods */ = {
			isa = PBXGroup;
			children = (
				DF4CA6BC05B6740B754109C1 /* Pods-MHDevelopExample.debug.xcconfig */,
				D709199DA67C0E6BC2500608 /* Pods-MHDevelopExample.release.xcconfig */,
			);
			name = Pods;
			sourceTree = "<group>";
		};
		F2D576D8EF168759D8A5190E /* Frameworks */ = {
			isa = PBXGroup;
			children = (
				94A0424108EDF4DD00FF9B94 /* Pods_MHDevelopExample.framework */,
			);
			name = Frameworks;
			sourceTree = "<group>";
		};
/* End PBXGroup section */

/* Begin PBXNativeTarget section */
		627A95121E4968E0004A1ED2 /* MHDevelopExample */ = {
			isa = PBXNativeTarget;
			buildConfigurationList = 627A95401E4968E1004A1ED2 /* Build configuration list for PBXNativeTarget "MHDevelopExample" */;
			buildPhases = (
				F5062E4AEFB72EE64D7F85A7 /* [CP] Check Pods Manifest.lock */,
				627A950F1E4968E0004A1ED2 /* Sources */,
				627A95101E4968E0004A1ED2 /* Frameworks */,
				627A95111E4968E0004A1ED2 /* Resources */,
				6097DCE86803312718147934 /* [CP] Embed Pods Frameworks */,
				44911888C87BD4AC95195632 /* [CP] Copy Pods Resources */,
			);
			buildRules = (
			);
			dependencies = (
			);
			name = MHDevelopExample;
			productName = MHDevelopExample;
			productReference = 627A95131E4968E0004A1ED2 /* MHDevelopExample.app */;
			productType = "com.apple.product-type.application";
		};
		627A952B1E4968E0004A1ED2 /* MHDevelopExampleTests */ = {
			isa = PBXNativeTarget;
			buildConfigurationList = 627A95431E4968E1004A1ED2 /* Build configuration list for PBXNativeTarget "MHDevelopExampleTests" */;
			buildPhases = (
				627A95281E4968E0004A1ED2 /* Sources */,
				627A95291E4968E0004A1ED2 /* Frameworks */,
				627A952A1E4968E0004A1ED2 /* Resources */,
			);
			buildRules = (
			);
			dependencies = (
				627A952E1E4968E0004A1ED2 /* PBXTargetDependency */,
			);
			name = MHDevelopExampleTests;
			productName = MHDevelopExampleTests;
			productReference = 627A952C1E4968E0004A1ED2 /* MHDevelopExampleTests.xctest */;
			productType = "com.apple.product-type.bundle.unit-test";
		};
		627A95361E4968E0004A1ED2 /* MHDevelopExampleUITests */ = {
			isa = PBXNativeTarget;
			buildConfigurationList = 627A95461E4968E1004A1ED2 /* Build configuration list for PBXNativeTarget "MHDevelopExampleUITests" */;
			buildPhases = (
				627A95331E4968E0004A1ED2 /* Sources */,
				627A95341E4968E0004A1ED2 /* Frameworks */,
				627A95351E4968E0004A1ED2 /* Resources */,
			);
			buildRules = (
			);
			dependencies = (
				627A95391E4968E0004A1ED2 /* PBXTargetDependency */,
			);
			name = MHDevelopExampleUITests;
			productName = MHDevelopExampleUITests;
			productReference = 627A95371E4968E0004A1ED2 /* MHDevelopExampleUITests.xctest */;
			productType = "com.apple.product-type.bundle.ui-testing";
		};
/* End PBXNativeTarget section */

/* Begin PBXProject section */
		627A950B1E4968E0004A1ED2 /* Project object */ = {
			isa = PBXProject;
			attributes = {
				LastUpgradeCheck = 0820;
				ORGANIZATIONNAME = CoderMikeHe;
				TargetAttributes = {
					627A95121E4968E0004A1ED2 = {
						CreatedOnToolsVersion = 8.2;
						DevelopmentTeam = MVW6RM56HS;
						ProvisioningStyle = Automatic;
					};
					627A952B1E4968E0004A1ED2 = {
						CreatedOnToolsVersion = 8.2;
						DevelopmentTeam = MVW6RM56HS;
						ProvisioningStyle = Automatic;
						TestTargetID = 627A95121E4968E0004A1ED2;
					};
					627A95361E4968E0004A1ED2 = {
						CreatedOnToolsVersion = 8.2;
						DevelopmentTeam = MVW6RM56HS;
						ProvisioningStyle = Automatic;
						TestTargetID = 627A95121E4968E0004A1ED2;
					};
				};
			};
			buildConfigurationList = 627A950E1E4968E0004A1ED2 /* Build configuration list for PBXProject "MHDevelopExample" */;
			compatibilityVersion = "Xcode 3.2";
			developmentRegion = English;
			hasScannedForEncodings = 0;
			knownRegions = (
				en,
				Base,
			);
			mainGroup = 627A950A1E4968E0004A1ED2;
			productRefGroup = 627A95141E4968E0004A1ED2 /* Products */;
			projectDirPath = "";
			projectRoot = "";
			targets = (
				627A95121E4968E0004A1ED2 /* MHDevelopExample */,
				627A952B1E4968E0004A1ED2 /* MHDevelopExampleTests */,
				627A95361E4968E0004A1ED2 /* MHDevelopExampleUITests */,
			);
		};
/* End PBXProject section */

/* Begin PBXResourcesBuildPhase section */
		627A95111E4968E0004A1ED2 /* Resources */ = {
			isa = PBXResourcesBuildPhase;
			buildActionMask = 2147483647;
			files = (
				627A95631E497824004A1ED2 /* Assets.xcassets in Resources */,
				627A95211E4968E0004A1ED2 /* Main.storyboard in Resources */,
				622E337C1E559701001FB056 /* MBProgressHUD.bundle in Resources */,
			);
			runOnlyForDeploymentPostprocessing = 0;
		};
		627A952A1E4968E0004A1ED2 /* Resources */ = {
			isa = PBXResourcesBuildPhase;
			buildActionMask = 2147483647;
			files = (
			);
			runOnlyForDeploymentPostprocessing = 0;
		};
		627A95351E4968E0004A1ED2 /* Resources */ = {
			isa = PBXResourcesBuildPhase;
			buildActionMask = 2147483647;
			files = (
			);
			runOnlyForDeploymentPostprocessing = 0;
		};
/* End PBXResourcesBuildPhase section */

/* Begin PBXShellScriptBuildPhase section */
		44911888C87BD4AC95195632 /* [CP] Copy Pods Resources */ = {
			isa = PBXShellScriptBuildPhase;
			buildActionMask = 2147483647;
			files = (
			);
			inputPaths = (
			);
			name = "[CP] Copy Pods Resources";
			outputPaths = (
			);
			runOnlyForDeploymentPostprocessing = 0;
			shellPath = /bin/sh;
			shellScript = "\"${SRCROOT}/Pods/Target Support Files/Pods-MHDevelopExample/Pods-MHDevelopExample-resources.sh\"\n";
			showEnvVarsInLog = 0;
		};
		6097DCE86803312718147934 /* [CP] Embed Pods Frameworks */ = {
			isa = PBXShellScriptBuildPhase;
			buildActionMask = 2147483647;
			files = (
			);
			inputPaths = (
			);
			name = "[CP] Embed Pods Frameworks";
			outputPaths = (
			);
			runOnlyForDeploymentPostprocessing = 0;
			shellPath = /bin/sh;
			shellScript = "\"${SRCROOT}/Pods/Target Support Files/Pods-MHDevelopExample/Pods-MHDevelopExample-frameworks.sh\"\n";
			showEnvVarsInLog = 0;
		};
		F5062E4AEFB72EE64D7F85A7 /* [CP] Check Pods Manifest.lock */ = {
			isa = PBXShellScriptBuildPhase;
			buildActionMask = 2147483647;
			files = (
			);
			inputPaths = (
			);
			name = "[CP] Check Pods Manifest.lock";
			outputPaths = (
			);
			runOnlyForDeploymentPostprocessing = 0;
			shellPath = /bin/sh;
			shellScript = "diff \"${PODS_ROOT}/../Podfile.lock\" \"${PODS_ROOT}/Manifest.lock\" > /dev/null\nif [[ $? != 0 ]] ; then\n    cat << EOM\nerror: The sandbox is not in sync with the Podfile.lock. Run 'pod install' or update your CocoaPods installation.\nEOM\n    exit 1\nfi\n";
			showEnvVarsInLog = 0;
		};
/* End PBXShellScriptBuildPhase section */

/* Begin PBXSourcesBuildPhase section */
		627A950F1E4968E0004A1ED2 /* Sources */ = {
			isa = PBXSourcesBuildPhase;
			buildActionMask = 2147483647;
			files = (
				622E33491E553800001FB056 /* UIImage+MHFile.m in Sources */,
				627A95751E49A77E004A1ED2 /* MHNetEaseNewsController.m in Sources */,
				622990791E4D4DAF00E0890E /* MHOperationCell.m in Sources */,
				627A95831E49AE5B004A1ED2 /* UIView+MHExtension.m in Sources */,
				627A958E1E49B0B0004A1ED2 /* MHTopicController.m in Sources */,
				620877121E54B0B900183F81 /* MHYouKuCommentButton.m in Sources */,
				6229907F1E4D504800E0890E /* MHTitleLeftButton.m in Sources */,
				625B73BE1E4C598C006A8E86 /* NSDateFormatter+Extension.m in Sources */,
				627A955A1E496CF1004A1ED2 /* MHNavigationController.m in Sources */,
				627A95721E49A694004A1ED2 /* MHBuDeJieController.m in Sources */,
				622637511E4AEAD1007F9360 /* MHImageView.m in Sources */,
				622E33461E553800001FB056 /* UIImage+MHBlur.m in Sources */,
				627A95791E49AD30004A1ED2 /* UIBarButtonItem+MHExtension.m in Sources */,
				622637651E4B08E1007F9360 /* NSObject+MHRandom.m in Sources */,
				6226375D1E4AF925007F9360 /* NSString+MHSize.m in Sources */,
				627A956F1E49A615004A1ED2 /* MHViewController.m in Sources */,
				622E33731E5591F6001FB056 /* MHYouKuTopicController.m in Sources */,
				622E33761E5595B5001FB056 /* MHYouKuInputPanelView.m in Sources */,
				622990851E4E2D4500E0890E /* MHOperationController.m in Sources */,
				6229907C1E4D503800E0890E /* MHTitleRightButton.m in Sources */,
				622E337B1E559701001FB056 /* MBProgressHUD+MH.m in Sources */,
				627A951E1E4968E0004A1ED2 /* MHExampleController.m in Sources */,
				622637581E4AF259007F9360 /* UIFont+MHExtension.m in Sources */,
				627A95611E4973D2004A1ED2 /* MHConstant.m in Sources */,
				625B73B51E4C4BA6006A8E86 /* MHTopicTwoController.m in Sources */,
				6223CEE01E54096700993A91 /* MHTopicManager.m in Sources */,
				625B73B71E4C4BA6006A8E86 /* MHTopicCommentCell.m in Sources */,
				622E335B1E554AC8001FB056 /* UIViewController+MHHUD.m in Sources */,
				622E334A1E553800001FB056 /* UIImage+MHOrientation.m in Sources */,
				622637301E4AABF8007F9360 /* MHUser.m in Sources */,
				6226374D1E4AC61D007F9360 /* MHTopicFooterView.m in Sources */,
				625B739D1E4C4AB7006A8E86 /* MHUserInfoController.m in Sources */,
				6226374C1E4AC61D007F9360 /* MHCommentCell.m in Sources */,
				622637331E4AAC10007F9360 /* MHComment.m in Sources */,
				622E33721E5591F6001FB056 /* MHYouKuTopicDetailController.m in Sources */,
				622637611E4B0325007F9360 /* MHWebImageTool.m in Sources */,
				622BF5F01E56E88A004DFCA2 /* MHYouKuAnthologyItem.m in Sources */,
				625B73BD1E4C598C006A8E86 /* NSDate+Extension.m in Sources */,
				622E335A1E554AC8001FB056 /* UIViewController+MHDismissKeyboard.m in Sources */,
				627A955D1E496E1B004A1ED2 /* MHExample.m in Sources */,
				6226374E1E4AC61D007F9360 /* MHTopicHeaderView.m in Sources */,
				627A95911E49C91B004A1ED2 /* MHTopicLabel.m in Sources */,
				622E334B1E553800001FB056 /* UIImage+MHSnap.m in Sources */,
				627A951B1E4968E0004A1ED2 /* AppDelegate.m in Sources */,
				622637541E4AED10007F9360 /* MHDivider.m in Sources */,
				622E33711E5591F6001FB056 /* MHYouKuCommentController.m in Sources */,
				622BF5E41E56D579004DFCA2 /* MHYouKuItem.m in Sources */,
				622637361E4AAD85007F9360 /* MHTopicFrame.m in Sources */,
				622BF5E71E56D59F004DFCA2 /* MHYouKuCommentItem.m in Sources */,
				622E33471E553800001FB056 /* UIImage+MHCrop.m in Sources */,
				622E33481E553800001FB056 /* UIImage+MHExtension.m in Sources */,
				627A95181E4968E0004A1ED2 /* main.m in Sources */,
				623D2A851E5298B30038BB9B /* MHYouKuController.m in Sources */,
				627A95841E49AE5B004A1ED2 /* UIView+MHFrame.m in Sources */,
				6226372D1E4AAB50007F9360 /* MHTopic.m in Sources */,
				622BF5DE1E569E47004DFCA2 /* MHYouKuMediaSummary.m in Sources */,
				6208770C1E5483DD00183F81 /* MHYouKuBottomToolBar.m in Sources */,
				625B73B61E4C4BA6006A8E86 /* MHTopicCell.m in Sources */,
				622E33541E554603001FB056 /* MHYouKuCommentToolBar.m in Sources */,
				622BF5EA1E56E6A4004DFCA2 /* MHYouKuAnthologyHeaderView.m in Sources */,
				6226373C1E4AB8D4007F9360 /* MHTopicOneController.m in Sources */,
				622637391E4AAD96007F9360 /* MHCommentFrame.m in Sources */,
				620B4C031E4A2A5A00266A72 /* ViewPagerController.m in Sources */,
				622990761E4D4D5100E0890E /* MHSelectsController.m in Sources */,
				6208770F1E549FE900183F81 /* MHYouKuVerticalSeparateButton.m in Sources */,
				622BF5E11E569EC3004DFCA2 /* MHYouKuMediaDetail.m in Sources */,
				627A957C1E49AE00004A1ED2 /* MHBackButton.m in Sources */,
				6229906F1E4D4CC500E0890E /* MHDeleteController.m in Sources */,
				622990821E4DAEBF00E0890E /* MHButton.m in Sources */,
				622BF5F31E56F45D004DFCA2 /* MHYouKuCommentHeaderView.m in Sources */,
				620877151E54B33C00183F81 /* MHAccount.m in Sources */,
				622BF5DB1E569130004DFCA2 /* MHYouKuMedia.m in Sources */,
				620B4BFF1E4A1F6200266A72 /* MHDisplayController.m in Sources */,
				6223CEE81E5423B300993A91 /* MHCommentReply.m in Sources */,
			);
			runOnlyForDeploymentPostprocessing = 0;
		};
		627A95281E4968E0004A1ED2 /* Sources */ = {
			isa = PBXSourcesBuildPhase;
			buildActionMask = 2147483647;
			files = (
				627A95311E4968E0004A1ED2 /* MHDevelopExampleTests.m in Sources */,
			);
			runOnlyForDeploymentPostprocessing = 0;
		};
		627A95331E4968E0004A1ED2 /* Sources */ = {
			isa = PBXSourcesBuildPhase;
			buildActionMask = 2147483647;
			files = (
				627A953C1E4968E0004A1ED2 /* MHDevelopExampleUITests.m in Sources */,
			);
			runOnlyForDeploymentPostprocessing = 0;
		};
/* End PBXSourcesBuildPhase section */

/* Begin PBXTargetDependency section */
		627A952E1E4968E0004A1ED2 /* PBXTargetDependency */ = {
			isa = PBXTargetDependency;
			target = 627A95121E4968E0004A1ED2 /* MHDevelopExample */;
			targetProxy = 627A952D1E4968E0004A1ED2 /* PBXContainerItemProxy */;
		};
		627A95391E4968E0004A1ED2 /* PBXTargetDependency */ = {
			isa = PBXTargetDependency;
			target = 627A95121E4968E0004A1ED2 /* MHDevelopExample */;
			targetProxy = 627A95381E4968E0004A1ED2 /* PBXContainerItemProxy */;
		};
/* End PBXTargetDependency section */

/* Begin PBXVariantGroup section */
		627A951F1E4968E0004A1ED2 /* Main.storyboard */ = {
			isa = PBXVariantGroup;
			children = (
				627A95201E4968E0004A1ED2 /* Base */,
			);
			name = Main.storyboard;
			sourceTree = "<group>";
		};
/* End PBXVariantGroup section */

/* Begin XCBuildConfiguration section */
		627A953E1E4968E1004A1ED2 /* Debug */ = {
			isa = XCBuildConfiguration;
			buildSettings = {
				ALWAYS_SEARCH_USER_PATHS = NO;
				CLANG_ANALYZER_NONNULL = YES;
				CLANG_CXX_LANGUAGE_STANDARD = "gnu++0x";
				CLANG_CXX_LIBRARY = "libc++";
				CLANG_ENABLE_MODULES = YES;
				CLANG_ENABLE_OBJC_ARC = YES;
				CLANG_WARN_BOOL_CONVERSION = YES;
				CLANG_WARN_CONSTANT_CONVERSION = YES;
				CLANG_WARN_DIRECT_OBJC_ISA_USAGE = YES_ERROR;
				CLANG_WARN_DOCUMENTATION_COMMENTS = YES;
				CLANG_WARN_EMPTY_BODY = YES;
				CLANG_WARN_ENUM_CONVERSION = YES;
				CLANG_WARN_INFINITE_RECURSION = YES;
				CLANG_WARN_INT_CONVERSION = YES;
				CLANG_WARN_OBJC_ROOT_CLASS = YES_ERROR;
				CLANG_WARN_SUSPICIOUS_MOVE = YES;
				CLANG_WARN_UNREACHABLE_CODE = YES;
				CLANG_WARN__DUPLICATE_METHOD_MATCH = YES;
				"CODE_SIGN_IDENTITY[sdk=iphoneos*]" = "iPhone Developer";
				COPY_PHASE_STRIP = NO;
				DEBUG_INFORMATION_FORMAT = dwarf;
				ENABLE_STRICT_OBJC_MSGSEND = YES;
				ENABLE_TESTABILITY = YES;
				GCC_C_LANGUAGE_STANDARD = gnu99;
				GCC_DYNAMIC_NO_PIC = NO;
				GCC_NO_COMMON_BLOCKS = YES;
				GCC_OPTIMIZATION_LEVEL = 0;
				GCC_PREPROCESSOR_DEFINITIONS = (
					"DEBUG=1",
					"$(inherited)",
				);
				GCC_WARN_64_TO_32_BIT_CONVERSION = YES;
				GCC_WARN_ABOUT_RETURN_TYPE = YES_ERROR;
				GCC_WARN_UNDECLARED_SELECTOR = YES;
				GCC_WARN_UNINITIALIZED_AUTOS = YES_AGGRESSIVE;
				GCC_WARN_UNUSED_FUNCTION = YES;
				GCC_WARN_UNUSED_VARIABLE = YES;
				IPHONEOS_DEPLOYMENT_TARGET = 8.0;
				MTL_ENABLE_DEBUG_INFO = YES;
				ONLY_ACTIVE_ARCH = YES;
				SDKROOT = iphoneos;
			};
			name = Debug;
		};
		627A953F1E4968E1004A1ED2 /* Release */ = {
			isa = XCBuildConfiguration;
			buildSettings = {
				ALWAYS_SEARCH_USER_PATHS = NO;
				CLANG_ANALYZER_NONNULL = YES;
				CLANG_CXX_LANGUAGE_STANDARD = "gnu++0x";
				CLANG_CXX_LIBRARY = "libc++";
				CLANG_ENABLE_MODULES = YES;
				CLANG_ENABLE_OBJC_ARC = YES;
				CLANG_WARN_BOOL_CONVERSION = YES;
				CLANG_WARN_CONSTANT_CONVERSION = YES;
				CLANG_WARN_DIRECT_OBJC_ISA_USAGE = YES_ERROR;
				CLANG_WARN_DOCUMENTATION_COMMENTS = YES;
				CLANG_WARN_EMPTY_BODY = YES;
				CLANG_WARN_ENUM_CONVERSION = YES;
				CLANG_WARN_INFINITE_RECURSION = YES;
				CLANG_WARN_INT_CONVERSION = YES;
				CLANG_WARN_OBJC_ROOT_CLASS = YES_ERROR;
				CLANG_WARN_SUSPICIOUS_MOVE = YES;
				CLANG_WARN_UNREACHABLE_CODE = YES;
				CLANG_WARN__DUPLICATE_METHOD_MATCH = YES;
				"CODE_SIGN_IDENTITY[sdk=iphoneos*]" = "iPhone Developer";
				COPY_PHASE_STRIP = NO;
				DEBUG_INFORMATION_FORMAT = "dwarf-with-dsym";
				ENABLE_NS_ASSERTIONS = NO;
				ENABLE_STRICT_OBJC_MSGSEND = YES;
				GCC_C_LANGUAGE_STANDARD = gnu99;
				GCC_NO_COMMON_BLOCKS = YES;
				GCC_WARN_64_TO_32_BIT_CONVERSION = YES;
				GCC_WARN_ABOUT_RETURN_TYPE = YES_ERROR;
				GCC_WARN_UNDECLARED_SELECTOR = YES;
				GCC_WARN_UNINITIALIZED_AUTOS = YES_AGGRESSIVE;
				GCC_WARN_UNUSED_FUNCTION = YES;
				GCC_WARN_UNUSED_VARIABLE = YES;
				IPHONEOS_DEPLOYMENT_TARGET = 8.0;
				MTL_ENABLE_DEBUG_INFO = NO;
				SDKROOT = iphoneos;
				VALIDATE_PRODUCT = YES;
			};
			name = Release;
		};
		627A95411E4968E1004A1ED2 /* Debug */ = {
			isa = XCBuildConfiguration;
			baseConfigurationReference = DF4CA6BC05B6740B754109C1 /* Pods-MHDevelopExample.debug.xcconfig */;
			buildSettings = {
				ASSETCATALOG_COMPILER_APPICON_NAME = AppIcon;
				ASSETCATALOG_COMPILER_LAUNCHIMAGE_NAME = LaunchImage;
				DEVELOPMENT_TEAM = MVW6RM56HS;
				GCC_PREFIX_HEADER = MHDevelopExample/MHDevelopExamplePrefixHeader.pch;
				INFOPLIST_FILE = MHDevelopExample/Info.plist;
				IPHONEOS_DEPLOYMENT_TARGET = 8.0;
				LD_RUNPATH_SEARCH_PATHS = "$(inherited) @executable_path/Frameworks";
				PRODUCT_BUNDLE_IDENTIFIER = com.CoderMikeHe.MHDevelopExample;
				PRODUCT_NAME = "$(TARGET_NAME)";
				USER_HEADER_SEARCH_PATHS = "${SRCROOT}/**";
			};
			name = Debug;
		};
		627A95421E4968E1004A1ED2 /* Release */ = {
			isa = XCBuildConfiguration;
			baseConfigurationReference = D709199DA67C0E6BC2500608 /* Pods-MHDevelopExample.release.xcconfig */;
			buildSettings = {
				ASSETCATALOG_COMPILER_APPICON_NAME = AppIcon;
				ASSETCATALOG_COMPILER_LAUNCHIMAGE_NAME = LaunchImage;
				DEVELOPMENT_TEAM = MVW6RM56HS;
				GCC_PREFIX_HEADER = MHDevelopExample/MHDevelopExamplePrefixHeader.pch;
				INFOPLIST_FILE = MHDevelopExample/Info.plist;
				IPHONEOS_DEPLOYMENT_TARGET = 8.0;
				LD_RUNPATH_SEARCH_PATHS = "$(inherited) @executable_path/Frameworks";
				PRODUCT_BUNDLE_IDENTIFIER = com.CoderMikeHe.MHDevelopExample;
				PRODUCT_NAME = "$(TARGET_NAME)";
				USER_HEADER_SEARCH_PATHS = "${SRCROOT}/**";
			};
			name = Release;
		};
		627A95441E4968E1004A1ED2 /* Debug */ = {
			isa = XCBuildConfiguration;
			buildSettings = {
				BUNDLE_LOADER = "$(TEST_HOST)";
				DEVELOPMENT_TEAM = MVW6RM56HS;
				INFOPLIST_FILE = MHDevelopExampleTests/Info.plist;
				LD_RUNPATH_SEARCH_PATHS = "$(inherited) @executable_path/Frameworks @loader_path/Frameworks";
				PRODUCT_BUNDLE_IDENTIFIER = com.CoderMikeHe.MHDevelopExampleTests;
				PRODUCT_NAME = "$(TARGET_NAME)";
				TEST_HOST = "$(BUILT_PRODUCTS_DIR)/MHDevelopExample.app/MHDevelopExample";
			};
			name = Debug;
		};
		627A95451E4968E1004A1ED2 /* Release */ = {
			isa = XCBuildConfiguration;
			buildSettings = {
				BUNDLE_LOADER = "$(TEST_HOST)";
				DEVELOPMENT_TEAM = MVW6RM56HS;
				INFOPLIST_FILE = MHDevelopExampleTests/Info.plist;
				LD_RUNPATH_SEARCH_PATHS = "$(inherited) @executable_path/Frameworks @loader_path/Frameworks";
				PRODUCT_BUNDLE_IDENTIFIER = com.CoderMikeHe.MHDevelopExampleTests;
				PRODUCT_NAME = "$(TARGET_NAME)";
				TEST_HOST = "$(BUILT_PRODUCTS_DIR)/MHDevelopExample.app/MHDevelopExample";
			};
			name = Release;
		};
		627A95471E4968E1004A1ED2 /* Debug */ = {
			isa = XCBuildConfiguration;
			buildSettings = {
				DEVELOPMENT_TEAM = MVW6RM56HS;
				INFOPLIST_FILE = MHDevelopExampleUITests/Info.plist;
				LD_RUNPATH_SEARCH_PATHS = "$(inherited) @executable_path/Frameworks @loader_path/Frameworks";
				PRODUCT_BUNDLE_IDENTIFIER = com.CoderMikeHe.MHDevelopExampleUITests;
				PRODUCT_NAME = "$(TARGET_NAME)";
				TEST_TARGET_NAME = MHDevelopExample;
			};
			name = Debug;
		};
		627A95481E4968E1004A1ED2 /* Release */ = {
			isa = XCBuildConfiguration;
			buildSettings = {
				DEVELOPMENT_TEAM = MVW6RM56HS;
				INFOPLIST_FILE = MHDevelopExampleUITests/Info.plist;
				LD_RUNPATH_SEARCH_PATHS = "$(inherited) @executable_path/Frameworks @loader_path/Frameworks";
				PRODUCT_BUNDLE_IDENTIFIER = com.CoderMikeHe.MHDevelopExampleUITests;
				PRODUCT_NAME = "$(TARGET_NAME)";
				TEST_TARGET_NAME = MHDevelopExample;
			};
			name = Release;
		};
/* End XCBuildConfiguration section */

/* Begin XCConfigurationList section */
		627A950E1E4968E0004A1ED2 /* Build configuration list for PBXProject "MHDevelopExample" */ = {
			isa = XCConfigurationList;
			buildConfigurations = (
				627A953E1E4968E1004A1ED2 /* Debug */,
				627A953F1E4968E1004A1ED2 /* Release */,
			);
			defaultConfigurationIsVisible = 0;
			defaultConfigurationName = Release;
		};
		627A95401E4968E1004A1ED2 /* Build configuration list for PBXNativeTarget "MHDevelopExample" */ = {
			isa = XCConfigurationList;
			buildConfigurations = (
				627A95411E4968E1004A1ED2 /* Debug */,
				627A95421E4968E1004A1ED2 /* Release */,
			);
			defaultConfigurationIsVisible = 0;
			defaultConfigurationName = Release;
		};
		627A95431E4968E1004A1ED2 /* Build configuration list for PBXNativeTarget "MHDevelopExampleTests" */ = {
			isa = XCConfigurationList;
			buildConfigurations = (
				627A95441E4968E1004A1ED2 /* Debug */,
				627A95451E4968E1004A1ED2 /* Release */,
			);
			defaultConfigurationIsVisible = 0;
			defaultConfigurationName = Release;
		};
		627A95461E4968E1004A1ED2 /* Build configuration list for PBXNativeTarget "MHDevelopExampleUITests" */ = {
			isa = XCConfigurationList;
			buildConfigurations = (
				627A95471E4968E1004A1ED2 /* Debug */,
				627A95481E4968E1004A1ED2 /* Release */,
			);
			defaultConfigurationIsVisible = 0;
			defaultConfigurationName = Release;
		};
/* End XCConfigurationList section */
	};
	rootObject = 627A950B1E4968E0004A1ED2 /* Project object */;
}
